{
  "version": 2,
  "mopsTomlDepsHash": "45293ef168667224cecfaeb6329ddc2ac7128b8df35e0d78fc6a64869284ab91",
  "hashes": {
    "base@0.10.2": {
      "base@0.10.2/mops.toml": "ef38b2f5b3b280a41cb1eb8a0de3dfe4e41f4f54734e1af9269faaffff735ca5",
      "base@0.10.2/README.md": "69c2df7968308cee8bb7ad921c1b399f1f0cc8aa669e533232b779dc14ac1156",
      "base@0.10.2/src/Array.mo": "29dc781e72200796b72235a9c5be8de8bfe69a818fb65630cfe553e844eb8022",
      "base@0.10.2/LICENSE": "166bd8e8cf7790087d1fd18a9fa4d060cc0d0b3e5ab30689aa5f3a59a93386bf",
      "base@0.10.2/src/AssocList.mo": "f883783cdd34b3cdcd2770350f04704fd0dfb46e0285952ae71fb415e58ff722",
      "base@0.10.2/src/Blob.mo": "4d570def0afde7873ef66cedb8d9f0384631763dba5081dbe55ead4c522331a5",
      "base@0.10.2/NOTICE": "3960a8d25fa5fc909325817b08b36c1146970930ca15b6352f8ea6db803cab47",
      "base@0.10.2/src/Bool.mo": "65faf01dc6e3609ed2f729b813811506951adcce71c081fc6edcdbae4c8b1169",
      "base@0.10.2/src/CertifiedData.mo": "51a205989529f6b4fe788f78be0de2da1cb96f6532aac8accccbf4421cce3d06",
      "base@0.10.2/src/Char.mo": "2894bf141479e883f0d1d039d622867f2488994acccb2d4def4a62cea833fa64",
      "base@0.10.2/src/Buffer.mo": "7ad75dec25ea37e964c536d6bb86ed90cc48047feedb57c9ded359bea49045f7",
      "base@0.10.2/src/Deque.mo": "bc2f1039d080d21087049cd259dd166cf07b4d12a6bbb949b7de2dca723b1e5b",
      "base@0.10.2/src/Debug.mo": "3bc1b92c7e849ae09bd5bc43397d625c07ce80d1089cfe12cde6e6fee6a6ab7b",
      "base@0.10.2/src/Error.mo": "988e300efcdf69d08338a506b47da2536a376187542a731dcc83b427c711a23d",
      "base@0.10.2/src/ExperimentalCycles.mo": "c7d13828ad82efe3a9eae039c77e27958edebea494a99a9488c3fdeb96a04658",
      "base@0.10.2/src/ExperimentalInternetComputer.mo": "99c0c00972dac65deeb244615fce16b5949084c62cdc228e4776b028631675f1",
      "base@0.10.2/src/Float.mo": "124c2e3b5d78b6e1448d99c3870c28f03b959f332f409fa8003b2de12bceb297",
      "base@0.10.2/src/ExperimentalStableMemory.mo": "70330ae4d113e15d1d211c8ea229bc0a6fc6c014f5fece58aea0de90c82e4fff",
      "base@0.10.2/src/Func.mo": "bea8bcb92707a255814e0a7d79c238e490860c38001438612948704027f05bec",
      "base@0.10.2/src/Hash.mo": "99d7add2ed6e82cf482593ac85edd231d507ef542608cd42fec1cc6d764906e9",
      "base@0.10.2/src/HashMap.mo": "f663ba1b3eeaa04379f597e232ba9fcb88c5fbc6b32d14f5546fb6fc9459d4ed",
      "base@0.10.2/src/Int.mo": "3dc2fe075ca553d92cb8178f3216a591233376ffb591d42a8f08bd86c7b5cea6",
      "base@0.10.2/src/Heap.mo": "517b746ca16d80b9b7cf3fc6c2883854d4cb240bd494a888fb65ac02441f769b",
      "base@0.10.2/src/Int16.mo": "586617af6cef687bd05cd29cd0c785b366ad5ad2b871151f909de76671b755c3",
      "base@0.10.2/src/Int64.mo": "7cfa15c6a8b777fb5f67e841da3d0960a5ef43c66d46acdf354e8a7dfac57d2d",
      "base@0.10.2/src/Int32.mo": "bcb4775ef68e0b2b5b872771abcda8eaef4e0a126562b0877e91b3a1ebaaffd6",
      "base@0.10.2/src/Int8.mo": "dfdaf280fe2a1b7524cf82116ccdeea5c70cb27046b8addd3c3d9f387b17f594",
      "base@0.10.2/src/Iter.mo": "09764b555cbac9c990535647c1c0f6d25b309bf7140cbd249f040bbaecd821a4",
      "base@0.10.2/src/IterType.mo": "1b6361f1b7ee81d1974719c8464c8c574aaee992c37c3c7b6c39f107a58af01c",
      "base@0.10.2/src/List.mo": "3f17cb46e29967689a73edefacb9cb3cb1fd99d037740712badca8e19544ff74",
      "base@0.10.2/src/Nat.mo": "037a961c4f1079537556752a66e9401674c7c7fd8229d8609f03690d8dbe9b04",
      "base@0.10.2/src/Nat16.mo": "42483fe26ec90fcfc5d90e82df945ea128d10145dada4ee8f68ee85e62f17841",
      "base@0.10.2/src/Nat32.mo": "7919cf0598707ae3628d70caa3bb44c04e3bd940752b85481f4f071cde89b66a",
      "base@0.10.2/src/Nat64.mo": "dce2861f9674d6301fb2b98475460e85b3d245537c52e3c7a90fac257e5c96f0",
      "base@0.10.2/src/None.mo": "b204a4964519117e6fa8ee82da5653376988cf618fc397205dfc8ea58f60d2d1",
      "base@0.10.2/src/Nat8.mo": "b9266d0b5e284288beeca990963cb7a8c9492d69771c656d0501507a613802ba",
      "base@0.10.2/src/Order.mo": "d8c76128271612469d052520f10af726556df78688729f9856b62ea292e0f43f",
      "base@0.10.2/src/Option.mo": "aaefe7cdea6f44cfb1d8d2129779f79904ae62a5d15128509521f45765a2adeb",
      "base@0.10.2/src/Prelude.mo": "7b4ea84cb683203c68d6135b524ca5587a1b23436d6733e0aaf723d36be4aa85",
      "base@0.10.2/src/Random.mo": "15f6fd50d10a9eb401c3f18f19874fb334fec309e94499a46a0a876037dca266",
      "base@0.10.2/src/RBTree.mo": "943cea32dd41c37da182e7ae70047cac010d7649f351e8ea29d59fa14c69c0c8",
      "base@0.10.2/src/Principal.mo": "5e50eba952b7de62450264a2ece0af6edadd0b6dd4c8cfd2e432ca66022f70ab",
      "base@0.10.2/src/Region.mo": "f14c8d6da57cba58372d84ea75ae5c5e21048371e7fee09379427649bbb48957",
      "base@0.10.2/src/Result.mo": "bfe7b8340c9d0a2ead312d9715958f7dd63951ade2a13e27baaeb2313bbfb6d7",
      "base@0.10.2/src/Stack.mo": "d374d9db2719758242ccf10a1db633ee82393e5b6630b37315b635f1623604da",
      "base@0.10.2/src/Text.mo": "877c2b26a831755b735f4432908ae1c901146f1f6e1edee096e9debeefdf15bc",
      "base@0.10.2/src/Timer.mo": "edac888c18e75fb6b6dc535949cb641462c2470b078fc31aba095966e07af666",
      "base@0.10.2/src/Trie.mo": "7ad3cc1f906cf7befb0730e7ccdfdcfa3e309855e703a3b88e29184b69b549b4",
      "base@0.10.2/src/Time.mo": "4e2a6126d0a2b0b862735adbde93620a70cb388af25a87c7b853650abd0743ab",
      "base@0.10.2/src/TrieMap.mo": "47e484b3509c7806ee186a03ee50084a2a5029d3b5b2cc1b86da2b3311fd7845",
      "base@0.10.2/src/TrieSet.mo": "8e8172b4af4c2d8dfce352a23c8fef02f917f47866ccd75102a6869ceb1255ff"
    },
    "time-consts@1.0.0": {
      "time-consts@1.0.0/mops.toml": "a0ba5db43cb45f2b3db4b051104762acd4faf02934244db22f2b52798fed3e62",
      "time-consts@1.0.0/README.md": "9b3fafe1dfd499111bd65e51166ed68d1bd40cf9f5f2c1aba44ad6f45bee009a",
      "time-consts@1.0.0/src/lib.mo": "a7ab0b790436c9f8ca56f657e3e6c5d706fc93f7aba9f70e4aa60c4f619a3527"
    },
    "map@8.1.0": {
      "map@8.1.0/main.mo": "262423684528447ead5452a0657b11b2389be181ccddd73136e21c3202d04bc1",
      "map@8.1.0/src/Map/Map.mo": "a397334d27e33e060445b8ab5c98601f386dfbf0656b366071f7b7b7e5210087",
      "map@8.1.0/README.md": "5974b3e6ad39387d39d787be6e48ea79cba9cc93717fe13ca8b8f9460d64a2df",
      "map@8.1.0/src/Set/Set.mo": "71882e957097d96121b5e139f516ddee430657e2495ce63b0f85d2626cb74127",
      "map@8.1.0/src/utils.mo": "bd7e25b2a8cd4211cb2c0070663ca93771bf7c14fa92f0fa91adc44015a42ce9",
      "map@8.1.0/src/Map/lib.mo": "141b0f4b7d7f4f11f42dab50233d9882dfe3889d134b5ef98d40c34835451104",
      "map@8.1.0/mops.toml": "564fcee903d623d4e4551b5c696d728cbfa9b3b23d3f5fa62d4560dc8de705f4",
      "map@8.1.0/src/Map/optimized.mo": "c93d619b8168b1d38c8cc4a000d123de915d35da0edcad955f0c470d368937a6",
      "map@8.1.0/src/Set/lib.mo": "819434b89ac1244dfb1bda796fe747b9b34bc146c32423980b4f0369ce6cf183",
      "map@8.1.0/src/Set/optimized.mo": "efba4479586d7982ffa76c31591863168ae9dcbb0a6a9a0ee199d4a2f4694413"
    },
    "ic@0.2.0": {
      "ic@0.2.0/mops.toml": "be7082333da0cb0a0f21dfacff7b98b56223722c4891f664815e6e095842950b",
      "ic@0.2.0/README.md": "b269665f58f7b980f4c8eef555396c85d4a23298484cffe56b21cbd2bf98186a",
      "ic@0.2.0/src/lib.mo": "d3d97b5892dc58bef86b4d3b818b68467bf610cacc51c737b5b791e3ba52a428"
    },
    "backup@1.1.0": {
      "backup@1.1.0/src/lib.mo": "4af0c13e22bec569e006186f4e69921fcff27a764da8d1c1b8498e1e678db284",
      "backup@1.1.0/README.md": "04c0bdbff9daa45f8753bc71639d4ec9ca76061ed604f9e68b3e5449cd33af12",
      "backup@1.1.0/src/backup-canister.mo": "5ee103a73c522fc05a8b83cbe8a80183d8ed73ce6176e2b7fe060d9c52382ff7",
      "backup@1.1.0/LICENSE": "3d081f9b4a5e05c2e02a370bbfac792c81125b4efe1404f79a39359e2b923c63",
      "backup@1.1.0/mops.toml": "9900b6f94190ae7f10f3b891f931e2fa5ba0f3c2e3cadaa102d037fcb05be99c"
    },
    "linked-list@0.1.0": {
      "linked-list@0.1.0/tests/Lib.Test.mo": "695afdaf9fdc2c01f99d74f170e41c2ec89b7c64c48cabf9a74e5301aaa1fa8a",
      "linked-list@0.1.0/src/lib.mo": "0a0d75d301ccf9480c7141b42c3ed237c0cdd0901ce02911c8d7f0265214df77",
      "linked-list@0.1.0/mops.toml": "7b429ddfbc87f561d91febdfcd89bdb589edad606d0f8755487f6224b4166413",
      "linked-list@0.1.0/README.md": "60a7d91c2df88c4908a245eddeb57b393b708b62a9b4e651d48d5368b16ef952",
      "linked-list@0.1.0/LICENSE": "722f3f4279baf4ab992c14fdbb619e088f85af40b24881a8851de77e4ab084f6",
      "linked-list@0.1.0/tests/utils/ActorSpec.mo": "2cecbb03ed1f43e8be8ecc6fda727c5c34d280da47ba9258ec35ced5efbfe669"
    },
    "http-types@1.0.0": {
      "http-types@1.0.0/README.md": "308e64662ad07f461dfa99d31fe0bcd8483e2c212c9c60e80074d3a48977fc50",
      "http-types@1.0.0/LICENSE": "3d081f9b4a5e05c2e02a370bbfac792c81125b4efe1404f79a39359e2b923c63",
      "http-types@1.0.0/mops.toml": "156ac35764692e74db33fe1ea02a4b2c3b378ce93ee8d00eaac86d5b2e835ce4",
      "http-types@1.0.0/src/lib.mo": "76a3cca1008196c914605292f06cedbf4b43fd6c896673f13e3c8a42fc4c0dcb"
    },
    "sha2@0.0.4": {
      "sha2@0.0.4/README.md": "ff8daa634bfdbc2d893687bcd18020f92be71b4b1a0b4157b371e5bfe698bef9",
      "sha2@0.0.4/LICENSE": "c71d239df91726fc519c6eb72d318ec65820627232b2f796219e87dcf35d0ab4",
      "sha2@0.0.4/NOTICE": "71e037856ba594c2b26f5d97a1f77a907ab2013af8cbb124857ca8b53022f83f",
      "sha2@0.0.4/mops.toml": "0287fc13396259bb149d150f98094c4ed2f81808aff8589a7653536de2f469c8",
      "sha2@0.0.4/src/Sha256.mo": "c5df7faf99eae4138c40bca49e3e877c10933561807efb4bc769f777a0fd5cca",
      "sha2@0.0.4/src/Sha512.mo": "274fe6abed773445b573e515302bb05a9e2da126af25a55ef6244c9ab9e200c2"
    },
    "vector@0.2.0": {
      "vector@0.2.0/mops.toml": "733c32c7c1b2d2720be20636f6ce93e02d56d8d7504cb96e66e2adfdb6702b0e",
      "vector@0.2.0/src/lib.mo": "2d0f032d5d0a4c05e19740fda140f15dd5eec54914439c440a0630ad6425d77a",
      "vector@0.2.0/src/Class.mo": "18d9bd06579f3e52cff5352d75978c989f3b4a0d042de7aa4d455acbfc1b6edc",
      "vector@0.2.0/NOTICE": "71e037856ba594c2b26f5d97a1f77a907ab2013af8cbb124857ca8b53022f83f",
      "vector@0.2.0/LICENSE": "c71d239df91726fc519c6eb72d318ec65820627232b2f796219e87dcf35d0ab4",
      "vector@0.2.0/README.md": "749e994b2b5a1b195dec53b8331334df59e51031d6a19e6bc7ec4ce5f5880057"
    },
    "datetime@0.1.3": {
      "datetime@0.1.3/iana/LocaleFinder.mo": "b11c54cc8a00274ff08a66bc3f3492829280c7858e9ed45da7085c2078a0323e",
      "datetime@0.1.3/LICENSE": "d29036f192ca54721796c4a5abda5980dd026c43b08cad2dac004d22f5bcde50",
      "datetime@0.1.3/README.md": "fbbcc8a80a1ff0424dcbf54ba55064b0cad3806c654d55e83c03c99eae0a3741",
      "datetime@0.1.3/iana/LocaleList.mo": "bc3c1f9f8c1bde05410fedf0bfe3de7d68b095fc2292c998347cfc28cf92aef7",
      "datetime@0.1.3/mops.toml": "06cf56054e3994a53b1fc2defc87a71b41c0dcdda9908f0f643ca8d195038623",
      "datetime@0.1.3/build/DateTime.mo": "a1f8cf392e399b2e796a59276c2ed480949cc92b50ca2c8dd8ca0a35e60496b0",
      "datetime@0.1.3/build/TEMP.mo": "b7cba156090b86cec129668b7f74c33496b15b50989bb1ceed9de1d666967e01",
      "datetime@0.1.3/iana/TimeZoneFinder.mo": "6614e5aa57674a729fb4efbffc1593cd7a1e9e82791b7f953f3f44a61a4f11e8",
      "datetime@0.1.3/iana/Types.mo": "1e5c8ff81b826e1be0764529dd9057661c83e45b71641dcbfaabe370110927f8",
      "datetime@0.1.3/iana/TimeZoneList.mo": "203eba742442035e75b2ab552b98abb0dc8b795a2624c4e2a37058c84330c649",
      "datetime@0.1.3/internal/NumberUtil.mo": "896505d08686aea92de9bffc7a145dface09c25f356b5aae5f5e1d392f7f5789",
      "datetime@0.1.3/internal/TextUtil.mo": "460a03f14a290720ca0a938409fdb66d416a2e9b6bdd3a6179afefa445a71324",
      "datetime@0.1.3/internal/Components.mo": "3f70da6c459398b9afc8a69fc061f99c80b442e1a67262829b95de92321444e2",
      "datetime@0.1.3/src/Components.mo": "b536514f40bb988558ee455961caa799c329eb1667bd79f02f4bcb5b47253707",
      "datetime@0.1.3/src/DateTime.mo": "ecea89410df84e2fe9ea6adbdb2d189d54385f9d07929560d981bd585b170b00",
      "datetime@0.1.3/src/IanaTimeZone.mo": "60711dad56bccf9313a5f27933d9f595ae178efc3d05b8354c5d4cb89bc8aa18",
      "datetime@0.1.3/internal/TimeZone.mo": "241e8208141c53d5b60d32248d8621af3d679aa7c4055836b1830311b0d4f8b1",
      "datetime@0.1.3/src/LocalDateTime.mo": "113244781e13b2a5acdd946ac9b40ea0efdfd260c14479e136926cb8012110ee",
      "datetime@0.1.3/src/TimeZone.mo": "001d15b7cffc318f44319784bb3c81889595f858b82a3172723e94988b9468f2",
      "datetime@0.1.3/src/Types.mo": "bbf2fe723eb821de8bbaf83c934551f0a179b8d23c62549fddc0e6096004ba7b",
      "datetime@0.1.3/iana/locales/AF.mo": "d958e0d1cab2b9c7fc0d7d8db0a1fc8bf7d8c94eaa3c803745a9b6d8ae3657cb",
      "datetime@0.1.3/iana/locales/AR.mo": "d72a719bbb4c117642084eeedf7327e6b7628a447b07673313c151bedfca3047",
      "datetime@0.1.3/iana/locales/AR_DZ.mo": "b3ea68d7ae0a55e4f9faa14606c5e9f0059596fbcb168045855cf87eb2f09579",
      "datetime@0.1.3/iana/locales/AR_KW.mo": "71b980a4ce541d2191235bd3e863b9677cec0811b0657087f9483595f6641d26",
      "datetime@0.1.3/iana/locales/AR_LY.mo": "c119b81f423928710db01afd19b99583defb5a6e1a1c4493f7adc6cc093c699d",
      "datetime@0.1.3/iana/locales/AR_MA.mo": "6f75152f0596d3de5595b07ecf7b34c774ccbc08cb79f87c1abfc571949c21c7",
      "datetime@0.1.3/iana/locales/AR_SA.mo": "77aeff4f703302384d49a4f67c2ade177d7edbc134b7b86ffaeca3299a595d4b",
      "datetime@0.1.3/iana/locales/AR_TN.mo": "8ad036c4060f77479a5f265d8b78efb9b8f4b857d2fee6c7cfcf5e36edd5c78a",
      "datetime@0.1.3/iana/locales/BE.mo": "098b0edcc43953e824f8eb0c577666a070df226b4a4ec707c6fd140083d9e1d3",
      "datetime@0.1.3/iana/locales/AZ.mo": "5e1b9b65be3a94d34a5294a58996ce2fd6eb7bcc3bb5e5ff40b78c8650876b10",
      "datetime@0.1.3/iana/locales/BG.mo": "abc1f318b286dc19382bc8014503dc9a3a5d5b38893be95b14ef5b6e5d5f5c79",
      "datetime@0.1.3/iana/locales/BN.mo": "0bf77151645307c92ac5f8fce646cb804116c37da88d8a10d9d631d19e950acf",
      "datetime@0.1.3/iana/locales/BM.mo": "1a450b949d5bce0cb5af2c50a7fce20fe07e23754e5d1ee69aa757f530752176",
      "datetime@0.1.3/iana/locales/BN_BD.mo": "58e1c447fe71511b1a2e9f2fa1d269d6592d1ade44426e040a7e9ba88290446a",
      "datetime@0.1.3/iana/locales/BO.mo": "3b7ed7bc385d10a872ed40f9ea289574e4b85ef956c7c7cb4c673b7c038a1da1",
      "datetime@0.1.3/iana/locales/BR.mo": "02364c23fb3d98ff378daf77f33d6c9d4026420385b2dfb990ef64ca1618bb06",
      "datetime@0.1.3/iana/locales/BS.mo": "75a45f1497e1622f6dd794a3ac9a5bbdf0834d442fffac936564a52b925bbeb9",
      "datetime@0.1.3/iana/locales/CA.mo": "e989ab113b6b5381ea9ffffc9366a5a95bb00731094146b11ac174226b2f31db",
      "datetime@0.1.3/iana/locales/CS.mo": "899f34e363f208fa945d545b1abbb0d91d418c785ecd764a096a024560c10a8e",
      "datetime@0.1.3/iana/locales/CV.mo": "c4871ef1dc5f846dff671a101610d31c998a0b8466c1568bd7ae11b7e74bab02",
      "datetime@0.1.3/iana/locales/CY.mo": "e9799f8bd0fd732095d5e1a2bda11163bb9c4a6a20172bf85be2c3b6bc63ed74",
      "datetime@0.1.3/iana/locales/DA.mo": "49c44057fb2c54e6cd5f8d690f6223701e429ab92a01a148e8cecc8e428ac54c",
      "datetime@0.1.3/iana/locales/DE.mo": "f8272bee4e8e9bae88dc18015035df3c95140c6077a608c1990d87175814ff0e",
      "datetime@0.1.3/iana/locales/DE_CH.mo": "53e66a9823402787377f6ec197a2ae82953afb917014dca66a6034c02a9524be",
      "datetime@0.1.3/iana/locales/DE_AT.mo": "a04f786b9506ae221fb7ca8de0347bf61ac156dafd07bce1e8d353c8ff878dab",
      "datetime@0.1.3/iana/locales/DV.mo": "d219bdce108118413b539f3d2df2850317f600d3d7554e41a8db1d5214de9623",
      "datetime@0.1.3/iana/locales/EL.mo": "c7604d0e5c077e7b490834f45f43ae0da33dd8e124c93553a51b1d01f92ff072",
      "datetime@0.1.3/iana/locales/EN_AU.mo": "3fbcafc6aac39ebaf0b054df4934e491d84e19c28bfdead66a8adaba1a7ae173",
      "datetime@0.1.3/iana/locales/EN.mo": "705c8accc79b2eb13301db7a0592f16f2e0ae42d78664c9f6c310a6e3fa4525e",
      "datetime@0.1.3/iana/locales/EN_CA.mo": "25ae07f177d27ec6ab91f338d24d8bf2991ffab8c2d0ebce907680d84f7adef8",
      "datetime@0.1.3/iana/locales/EN_GB.mo": "e90df5d9f74fbb720a4337afc510d7a22b3f84507991aa45c207c6c8bdc1619f",
      "datetime@0.1.3/iana/locales/EN_IE.mo": "87763c5e8f12e8ec9674b17bf7aeb8a6425b55382017e0541c41eb35e0a84c38",
      "datetime@0.1.3/iana/locales/EN_IL.mo": "7c75b0c1a417c0b1cf2a757aef6ba714ca3c3430bf0aeaccff41830a69dee636",
      "datetime@0.1.3/iana/locales/EN_SG.mo": "63bef58ec955a9f3794ec4475c374d846e9f650c4b7c52d1eb0593111878e424",
      "datetime@0.1.3/iana/locales/EN_IN.mo": "3de15acc1418c7b1b9f5a55646311e22dcabfeeb871c21da8e19a8dc49986b98",
      "datetime@0.1.3/iana/locales/EN_NZ.mo": "70cb860f15d5f5c2cce34cdf2014a2515c35f014e6076cc39de70539e37e3cb8",
      "datetime@0.1.3/iana/locales/EO.mo": "2ec950f238d05a99d4e2296b38a7575ed539293c4ff31f7eb9b19eb4f62a6da6",
      "datetime@0.1.3/iana/locales/ES.mo": "20ffba813fdf0fcb0a802445beeb6d268f767c43984651195051e9bf9c7f8c17",
      "datetime@0.1.3/iana/locales/ES_DO.mo": "25524071ba50e60b6e3137e1d4ef6ecfd67aaae530c249a3cfae4b21e8adc3a0",
      "datetime@0.1.3/iana/locales/ES_MX.mo": "34613a1033748653a0f23679ddb5a70c49255cf53527bae000eaa3d20a46656c",
      "datetime@0.1.3/iana/locales/ES_US.mo": "8450f7fd36dd6ee95ff935ea498939afe055d776558bdde20de3bccadc0d102e",
      "datetime@0.1.3/iana/locales/ET.mo": "7679abda15142a5fcc1bedcdcec5d8009c9d7863d1dff9dcd716ebc0a250a345",
      "datetime@0.1.3/iana/locales/EU.mo": "9e0a50645dcbb3dc1159a64cb28750be7e346841f6ae1ee7c7abcf0ea50b5e86",
      "datetime@0.1.3/iana/locales/FA.mo": "2f92a9c1a1ba8d1ef61803e68616f908bf1903c1aa148c6cf34e03e90dc40f24",
      "datetime@0.1.3/iana/locales/FI.mo": "efb206bf26e86bf83c45ed944eee992a96f83e7148029aa8843e8b1d270ee7ba",
      "datetime@0.1.3/iana/locales/FIL.mo": "f02323a55b4022bb74c57b5029203aefcd2ee415352469f627d66e36302e2a3b",
      "datetime@0.1.3/iana/locales/FO.mo": "15ec60b8069e0d211cdeabba1939dfcc71043939474067f64ce365ac943608e4",
      "datetime@0.1.3/iana/locales/FR.mo": "b950ba84171c59f67278fcc7fc9cc215e0080e527842117f7d072ce1783d0373",
      "datetime@0.1.3/iana/locales/FR_CA.mo": "d37414e74bdbd849d7d9d61d25c9da32b0c99cb28e9947144e24db3098495ede",
      "datetime@0.1.3/iana/locales/FR_CH.mo": "819ac41ce15236e9db071f8ac01dc771b9de3e0226bb3329813eb14f66a3f5ec",
      "datetime@0.1.3/iana/locales/FY.mo": "be482cb1a8bb880d1991b996d3f969af9eee4e9a047c88ad25dbf6501e291cb6",
      "datetime@0.1.3/iana/locales/GA.mo": "10ae2b2939e788b347af981464c9d2b8a4ea71173d696e79065a24cdac82a089",
      "datetime@0.1.3/iana/locales/GL.mo": "1a9fddaf56457921dfafc7d720d27a9a5528b139e352bd0c0495c0e91e24b9cb",
      "datetime@0.1.3/iana/locales/GD.mo": "6d0d7c7b03642e3300d5b492dfe00ee904e380905d7f13f528463a4a8fff9c6c",
      "datetime@0.1.3/iana/locales/GOM_DEVA.mo": "04f7cd1832f6a45ae680389c45530c087994e4f326a206fad539e88ec75e3d66",
      "datetime@0.1.3/iana/locales/GU.mo": "d5c55d7568fe76c7ad20d95fb2a9f5ffc92e7ea2fae8186b2540aafc60c92438",
      "datetime@0.1.3/iana/locales/GOM_LATN.mo": "c62586de31ec801f48449da854c99ffd3d12ec30111c163bfb2e84674be54b3a",
      "datetime@0.1.3/iana/locales/HE.mo": "4ff093ba7bb727056507ee695a3f945fd919c5990388d7954e0ef190befa2a0e",
      "datetime@0.1.3/iana/locales/HI.mo": "f4f1ef74ff7726452eecca530c64309b7aea3efd5991eba5dc7614cd781f91d1",
      "datetime@0.1.3/iana/locales/HR.mo": "216ab1ac0e258991bae3c431edf2710a914a2488394687bf08e913993f6e9341",
      "datetime@0.1.3/iana/locales/HU.mo": "83a6df3bcf2c722d9b9e5a84a1f2d08a404afe140e398b9d23650adc4eda3466",
      "datetime@0.1.3/iana/locales/ID.mo": "0cf065fb3c0d41831217dabc3c401057bf8fcf635b1bbe2c695e7b67fab1338f",
      "datetime@0.1.3/iana/locales/HY_AM.mo": "6bbb23f5cd996b84037db17b2a0199989db53b8cd0cfe7ec70fae9ee8a733ce2",
      "datetime@0.1.3/iana/locales/IS.mo": "b4d76300d2923a6ec40da426c326beeee852570fd46811edce03fb21cef360ef",
      "datetime@0.1.3/iana/locales/IT.mo": "fa12eb8745bddcdad54f0b5da9e0d43351e6dc281db66f4955e911cb740970e2",
      "datetime@0.1.3/iana/locales/IT_CH.mo": "5260d9481383465bbeb3d8339e1166b070b5e986b08472f50e51239b513347dd",
      "datetime@0.1.3/iana/locales/JV.mo": "0243579dda5bc24b215d52acb8dfb6a3460951a69f20eb7a37fee8abe9b19d73",
      "datetime@0.1.3/iana/locales/JA.mo": "f3c3c597587ef210daa2665bdf658b72c7cf9f011048d67979d47344ce853d29",
      "datetime@0.1.3/iana/locales/KA.mo": "50718e75e5fc314303bdd4b710ff879c2a53dd0b2760de3e3e789287a0e01adf",
      "datetime@0.1.3/iana/locales/KK.mo": "9ac8cb9dcd47589a5cc50ff09458978de23c85566a7d783264b2e9f0855d4788",
      "datetime@0.1.3/iana/locales/KM.mo": "a1622f49cdf9e67542f7a5e89819e1f7a57bbeb9b2d429cdb8825c9ec517198a",
      "datetime@0.1.3/iana/locales/KO.mo": "8884cc986911f3dc6ff856b7fc4eaa947170e643374672f5cd712a3cba066313",
      "datetime@0.1.3/iana/locales/KN.mo": "d8b15787955782af11749757bf8e4d40865164931b3b98b4d727b7d25b6b379a",
      "datetime@0.1.3/iana/locales/KU.mo": "738fdc97c245743dec686f23f9bd5b4369c87b20b159bf7660594b5b5f3c3195",
      "datetime@0.1.3/iana/locales/LB.mo": "1890151a31b1f8802acd0b7e809578536b4590506fa2ef9d5aaacc2173b9c936",
      "datetime@0.1.3/iana/locales/KY.mo": "1e1f1deabb804695a2c0da0497b1b380f0b30a965e98ce70e2157b52667a3c03",
      "datetime@0.1.3/iana/locales/LO.mo": "b235d99b538931518a4339af5426998c66d8e089cca054434c03eec2de7989b7",
      "datetime@0.1.3/iana/locales/LV.mo": "13f51cdaa140d0888ed9471e49b0d558abbf2152887eb6e3186a426b720d2eec",
      "datetime@0.1.3/iana/locales/LT.mo": "87f29c0322dfbada9b9f4a9d64363a500a6e947748051f1c4a442a7f0195aa71",
      "datetime@0.1.3/iana/locales/ME.mo": "5d9c0eabe2bf13f4a4926c6893a91e6a08ba528ef5c0d43c6bd4018174b531ae",
      "datetime@0.1.3/iana/locales/MK.mo": "abd508b60b84509cdda74d9ba625da563dfafd58843d30a7d53fc8629a791518",
      "datetime@0.1.3/iana/locales/MI.mo": "75e3f9ad43ba2a8ffb50b2116cbab4d889abb35eb2bb9f394cfcfc9f91532ecc",
      "datetime@0.1.3/iana/locales/ML.mo": "7aa6531cb0dd575891fa5e7cc5e0464915147ba5b2b88ebe247493f7a481f118",
      "datetime@0.1.3/iana/locales/MN.mo": "ca3cbfc05b7519d06967e2c8812924f135ed5f1b85ba48b90ea3b79f5eeafce5",
      "datetime@0.1.3/iana/locales/MS_MY.mo": "92fe7030674d892d5cac1f4caff258e6649504e25aa56fcbc0e4127175cf5d3d",
      "datetime@0.1.3/iana/locales/MR.mo": "377fe709e3f08831fa008a6d611f11385ee106150aa339948cb372a24c4657c9",
      "datetime@0.1.3/iana/locales/MS.mo": "aa90825882654da0829aa8aec77ddc748f8e28e19ff7228fd8d5d8e38949a05e",
      "datetime@0.1.3/iana/locales/MY.mo": "da935b199ffa6b58db089ad00fdff9021613dbc42e8983ac978b548a5c4defba",
      "datetime@0.1.3/iana/locales/NB.mo": "7240f7001da4b3e41eed7099c17e082899021c88efbe7186554e773cff6e7c09",
      "datetime@0.1.3/iana/locales/NE.mo": "41ae5d661c3f18f4a2ef46515d71054d14ae8ff654a28bd794e9292eda99c31e",
      "datetime@0.1.3/iana/locales/NL.mo": "a1fd0da146ce77690f435e1c43f8e0f16df85f6a83ee8d986068120fb50f6d3d",
      "datetime@0.1.3/iana/locales/MT.mo": "fa89b1aee7928cb55348ca2ec997ad119dd4a93b99d13be0d254f22fc605e275",
      "datetime@0.1.3/iana/locales/NL_BE.mo": "a804f638154e53d442d6692dfed7c1111a52994a023ae642bb189e39b27f78fb",
      "datetime@0.1.3/iana/locales/NN.mo": "1b426748adcdb19704979aeeed00ef987f86af372f37acaf790784d9fe18d2d4",
      "datetime@0.1.3/iana/locales/OC_LNC.mo": "c86216bc430539c1e53f8f64a9b3e5f15d8574cba38bf163f45fc5c12abfbfe4",
      "datetime@0.1.3/iana/locales/PA_IN.mo": "c519e6bbb45a4ff793153007a0b9a4b8202cd5ef8d9f9d8a895fbb94b689d0a8",
      "datetime@0.1.3/iana/locales/PT.mo": "241b58691b35a933ce141a0c887016706e59efda06d4571622474bc77edf0467",
      "datetime@0.1.3/iana/locales/PL.mo": "c64b41e52d26f4c100642b532be1fa866e61df9c337bd80f6ce45434f6cbb083",
      "datetime@0.1.3/iana/locales/PT_BR.mo": "939d07611df328f9f85983c3d57fefd5725dbdb382316f135bc56f49507ef73e",
      "datetime@0.1.3/iana/locales/RO.mo": "134813fb03db1b192364703a57dd5a97c29147889f75ad1d3cdf480af721729c",
      "datetime@0.1.3/iana/locales/RU.mo": "6c3ffa25051ba027d59d60b778d4bc7d33f4963daf2006c017733a5e43cc793a",
      "datetime@0.1.3/iana/locales/SD.mo": "747cad219d056d7167fb49dee92a59e8660651e7e7c04420ef3c9efd6c0a944b",
      "datetime@0.1.3/iana/locales/SE.mo": "48842e652ec366887b51f522d6ace953896cf91d4ce5e24a995d9d3348e122d7",
      "datetime@0.1.3/iana/locales/SI.mo": "e5350cc68d152229aef1928c2704bc0def8de783d4f0a2982bc12c83c71d32b5",
      "datetime@0.1.3/iana/locales/SL.mo": "5c479f2594e891aedfd3d3c14e5a448eba892c80b1331f988eff4b38c8739740",
      "datetime@0.1.3/iana/locales/SK.mo": "a603045b7e4a04ee6d6b84610e30a56db07b8fb84011b0082ec821959e0e7b0e",
      "datetime@0.1.3/iana/locales/SR.mo": "c30e3e8f159518d2957c8f1c5081a5bdc3034aad0e766f46025dfc36621fd829",
      "datetime@0.1.3/iana/locales/SQ.mo": "122ce3e4f098e751bc641d000ef3c91d2d9a5190cb9e1fb591bcf1663e1b5fba",
      "datetime@0.1.3/iana/locales/SR_CYRL.mo": "61f467e490985cf3da3966f642b13c156cf1677be642913609b42cb54c1f0d57",
      "datetime@0.1.3/iana/locales/SS.mo": "bcd08f70fd9024a64facd627895d3cbc069cfd3d1622f78bc73f098eaafc4d97",
      "datetime@0.1.3/iana/locales/SV.mo": "4b970741617136daff84431349ff76fae2214e6bd6d6f193135e3f95f9a2002f",
      "datetime@0.1.3/iana/locales/SW.mo": "7f3c027a45adc11f37fb5477ffef82eda708e85c8f708c0721e774c00261bed7",
      "datetime@0.1.3/iana/locales/TE.mo": "4634cbcdcc667a22cef88b787944d8ae851e6252f37edcfc6d6cb7ee1e6cb16e",
      "datetime@0.1.3/iana/locales/TA.mo": "24657b6d4b7c9bdb8741e0986bf6611a37bdc3c684a83c977807f1d45aed3f27",
      "datetime@0.1.3/iana/locales/TET.mo": "20371c4144ab7de1e1aed3f606aef2b26006349c0be388cf879a99b29fe0f037",
      "datetime@0.1.3/iana/locales/TH.mo": "c4c3ab501001bff0a67690c492732f2190c06275ddb8566220d7197078c1f99c",
      "datetime@0.1.3/iana/locales/TG.mo": "9e85c292be13d54b49129f5e3c51ffe7c62cb1c53a1105098a86f5b8df9d9d1b",
      "datetime@0.1.3/iana/locales/TK.mo": "ff73d6acb0248abf6edbeb9c25f1cddac74e8925123f4ab60d572038907ec98e",
      "datetime@0.1.3/iana/locales/TLH.mo": "26169b3359470757439b6d5f2d4b0204e1665477514674cc49c9cc67adc51225",
      "datetime@0.1.3/iana/locales/TR.mo": "c15e53a6dbdc79be30cf206e99cf97bb598c9509b37ccb1b7c70cb61920dd238",
      "datetime@0.1.3/iana/locales/TL_PH.mo": "6c0f8a665492d08523762b5f9cdcdd39d1f1562a0e98a5a143d91e99e2005d2f",
      "datetime@0.1.3/iana/locales/TZL.mo": "9eb7c94ceede72eab720407c1a97682f64de4e8e27130932a8fafdb4d40f77fc",
      "datetime@0.1.3/iana/locales/TZM_LATN.mo": "3b688b9790ad7acf21be84c97a77d41697c95054081c07018f435871e35d17d4",
      "datetime@0.1.3/iana/locales/TZM.mo": "ccae38789b0e9efdcfb31984891666791acea6c9af106b72c661f99e7628a694",
      "datetime@0.1.3/iana/locales/UG_CN.mo": "41820ccbfc1c81d1a45cd6ca23ef0f73628270903beb58dfdaf4ee4b61de3dcd",
      "datetime@0.1.3/iana/locales/UK.mo": "5c212878693d4c1928fbfbda4ac1c17c66e1ee7ea594241cf739969561937995",
      "datetime@0.1.3/iana/locales/UR.mo": "ab0720b7e53e02d3d5c53a1cffe425efc053f6600bdfee878755dabc0c0dab97",
      "datetime@0.1.3/iana/locales/UZ.mo": "d24ae4b2f2b03a58e5f4829f48dc17a126f55250bfd7ee9f22975386d6657607",
      "datetime@0.1.3/iana/locales/UZ_LATN.mo": "e220db8d3b4bfa03ee7b64ad365a3147875cc29dc370325676bef6143f72067d",
      "datetime@0.1.3/iana/locales/VI.mo": "c56a8db93bb929451f96d4248fed467775ba6c7a13f28d89567a96e516bd7822",
      "datetime@0.1.3/iana/locales/X_PSEUDO.mo": "da5f181c4e08ef802428213cdbfa62ff3bff50265edbd9d0f1c18a065a801daf",
      "datetime@0.1.3/iana/locales/YO.mo": "4d18ff8afda5b57006adabea291c460992ad881f556ec904ff524d9f4be3afcd",
      "datetime@0.1.3/iana/locales/ZH_CN.mo": "b4db46c4d77c6014af0f2ff0d72255c59e7ecc3736899fb89c9b5648757042d0",
      "datetime@0.1.3/iana/locales/ZH_MO.mo": "7cd9c95ef1815ac72a49aceb96d3e08a48ab80fed533ad60f5bc804b1bb6e799",
      "datetime@0.1.3/iana/locales/ZH_HK.mo": "aa7339fc4160241cdcfb7d4726d13a0fa0a770cb6593cece1a9af91c759f2fec",
      "datetime@0.1.3/iana/locales/ZH_TW.mo": "41730c013865adac3d378cc22ff3bf16a314b40ce941aae7fd4346f78b2c540c",
      "datetime@0.1.3/iana/timezones/Africa.mo": "53ca4f29f1a993dedcb7d3b5ee15bf1299b42d1065742e269d41a71b0a5a6ad1",
      "datetime@0.1.3/iana/timezones/Arctic.mo": "e42402127e3f8f3034c8c69823d7ed8a9708d09c7155cae08abae9af88c96871",
      "datetime@0.1.3/iana/timezones/Antarctica.mo": "314ed3b91ea39beb69cd15e54531db2431ce274ceff1a1d229868bf31ae9b1ce",
      "datetime@0.1.3/iana/timezones/America.mo": "dfa543a753ea52c4cff5d8bbc025aa06b49757e086fe66c428578bcf13a2a5ae",
      "datetime@0.1.3/iana/timezones/Atlantic.mo": "89694ec98f98334d15866689b84024292bf45464cc0bca9ca59466a25145e6e2",
      "datetime@0.1.3/iana/timezones/Asia.mo": "0e596e3b4a625153ef8982e505a11d2bdff1620fede1491d53dcb3aa5060d26a",
      "datetime@0.1.3/iana/timezones/Brazil.mo": "559ba65d83631e329efb3c1f75b23ba68d03f0b88b2f6e3fb445de3c0b90e65f",
      "datetime@0.1.3/iana/timezones/Australia.mo": "019ff62de0b6e2377637fc5e4da884020dba0b2110aed85cb89850f7c13c9b96",
      "datetime@0.1.3/iana/timezones/CET.mo": "1bdb64b59888e3b24abec093f6690d0325b6d185ed95aa3e09b6b413c12b0720",
      "datetime@0.1.3/iana/timezones/CST6CDT.mo": "70596c30017e76493c12d7dcce8c5b9bdc8eea9f84b089667bbb7a9887ba34d1",
      "datetime@0.1.3/iana/timezones/Canada.mo": "3232bbf78b1f77a7d9138add1297f3a638baaed5e101115f8843a9d5f9481658",
      "datetime@0.1.3/iana/timezones/Chile.mo": "0bbfaaf5417460a0d8b870bcc3969cd1e964b25e9ce1fffab0c54e72d3f3328b",
      "datetime@0.1.3/iana/timezones/Cuba.mo": "695410852739fd179699e3e2530cf66191b7b4c2b54a644922eb56e185ad628a",
      "datetime@0.1.3/iana/timezones/EST.mo": "9ab522aba558b31a34a9030069610ce6234029cc7a196723628363b1384de91d",
      "datetime@0.1.3/iana/timezones/EET.mo": "c5ee9265352540c83b7d4eda7a1e1f0f14ce635f161225d5d7c3b3d5828dbac3",
      "datetime@0.1.3/iana/timezones/EST5EDT.mo": "80d94bc804092076bf41ac2e3d848ff751b14f4435c5ecece66f96114a9c4e13",
      "datetime@0.1.3/iana/timezones/Etc.mo": "0d5dbae6eed3f4a14ebc3d414b59447c67955cb1444c71581a831451189b29c2",
      "datetime@0.1.3/iana/timezones/Egypt.mo": "560313a6f637566ebb5b67d885cf5c112acb1c636e993c6c2b0dbf7265b77f01",
      "datetime@0.1.3/iana/timezones/Eire.mo": "760cf12388efe550f67296efaf0fcb2b567a0966bbd7fd712ccd940ec89db525",
      "datetime@0.1.3/iana/timezones/Europe.mo": "4c133afd76d7fc43908c905dc8c1cab3f79d9ba265a4f3ee8469b375b09d5650",
      "datetime@0.1.3/iana/timezones/GB.mo": "915cc65d94b36f520a105bfd353c0c4a2b51799b32772037f43b4d82106df1b5",
      "datetime@0.1.3/iana/timezones/GB_Eire.mo": "e60288a6ea7d5dfe39dbd32dbca0dc31656a3dd5685a2bfe86616c0b428c8c51",
      "datetime@0.1.3/iana/timezones/GMT.mo": "21b6d758dcd1e11e552cd660c439c7e37fed73a2f87c3b5bcd487a37413e17f7",
      "datetime@0.1.3/iana/timezones/GMT0.mo": "a85c92cd7b5c98d4b5c92d839267b5ba03aa4d8e86c16130fe19a5b874c9c740",
      "datetime@0.1.3/iana/timezones/GMT_0.mo": "b479bc5b95fa138d05d8f886eafa697ab873125f0ba4fef08643fde0e1e4aa7d",
      "datetime@0.1.3/iana/timezones/GMT__0.mo": "91e26ac30e8157e24dde47d01086b8a90ae8034f64b2c425194681970144ce52",
      "datetime@0.1.3/iana/timezones/Greenwich.mo": "7cdde384649265970743a59804a7e629243027f2797c6018b3582d5d564450ef",
      "datetime@0.1.3/iana/timezones/HST.mo": "a1327c890a7d5cb768564f3a6f635c304a0d773a12437643c2bf610b68cae798",
      "datetime@0.1.3/iana/timezones/Iceland.mo": "6b21a32f2db397d9ccd4ff93b6859e27c5c975d644e21b66f21fa565b50b861b",
      "datetime@0.1.3/iana/timezones/Hongkong.mo": "957d7037fc2a9eb3674870c065016d7b3b1b4f3415170989547b008c5e9038e0",
      "datetime@0.1.3/iana/timezones/Indian.mo": "256ec75161b4b1f41c55462145fd5a328c3eb8d2555cfdb42058bac91c6f63a8",
      "datetime@0.1.3/iana/timezones/Iran.mo": "4550b943a3572846ce935f5d48a7e0dfd0649613498e720fbcd879503d6d9686",
      "datetime@0.1.3/iana/timezones/Jamaica.mo": "492813395ee8addb7a4ba079d7a9d585ce8ffbbd919ada2c07eb55308bc55549",
      "datetime@0.1.3/iana/timezones/Japan.mo": "35a2de292688717299c030eb236cbc96751bafaff7e2a16a55f90021c6e07fbb",
      "datetime@0.1.3/iana/timezones/Israel.mo": "a6c4131bd2e864725665f884e0003f1f1830cf50c127c48660a307712a302745",
      "datetime@0.1.3/iana/timezones/Kwajalein.mo": "39e93f89f57b31edced5bc830691ee53276511c65f83fe2d179355cea40eea0c",
      "datetime@0.1.3/iana/timezones/Libya.mo": "03af44211a03ccc9711ec1a1f3ef64f0f57fd5c3fe9f1bee3a08e6a1b7d20131",
      "datetime@0.1.3/iana/timezones/MET.mo": "1cca9f0c0bd63c2836cf954845311b9839caa800898dcbd94e91c6b99eca8fc0",
      "datetime@0.1.3/iana/timezones/MST.mo": "757737fcd9adf8491fe327d06776949b4298c0c573c50b5fe6b43313d4c4b1f5",
      "datetime@0.1.3/iana/timezones/MST7MDT.mo": "0e553b6edfa6d70def2688247d3395264f1a03fe3b9e3ffc03c1de80c3f7e994",
      "datetime@0.1.3/iana/timezones/NZ.mo": "597762aee082c64186cb620dd686b1b3dae3be35b9af7bf4d6804b5cdb0879a6",
      "datetime@0.1.3/iana/timezones/NZ_CHAT.mo": "d19a5514b4751150aa037df1ba6fa5156f5ad24207482d2d81fee3a1eb47ac34",
      "datetime@0.1.3/iana/timezones/Mexico.mo": "ddffafe61b7ad8d7a0c789e5ab92165c4674f2f298733a740e536b580bb1ff58",
      "datetime@0.1.3/iana/timezones/Navajo.mo": "81ed68003e34349804040d8ad754b678318da825bba7f4b5acf2de89d1f3698e",
      "datetime@0.1.3/iana/timezones/PRC.mo": "f11717a0ab66422ee409f91b1704154baf90a987f88daa52991259a23dac2060",
      "datetime@0.1.3/iana/timezones/PST8PDT.mo": "e1ba752a33b9c6d4e4ba8e0b8bcf4b9448178d9c1fc8b3a9ef86fbd5a00f6cb4",
      "datetime@0.1.3/iana/timezones/Poland.mo": "6ca4155aa204345fc2134453282873ae3c60af9fbc685704c5c4a07051492a43",
      "datetime@0.1.3/iana/timezones/Pacific.mo": "a454e50e957ac6b4a123a61f3ca0c2ae658ec4e6bc42f3a417c5d7942a52f3dc",
      "datetime@0.1.3/iana/timezones/ROC.mo": "b84e8ed464b2a2e9cee0c683e0a7f071a14db45e5d1ac168c0817aacddd1df3d",
      "datetime@0.1.3/iana/timezones/Portugal.mo": "049137dda711e9a545e91343be0f5bc8807e12f296837c9913c307774eea86f5",
      "datetime@0.1.3/iana/timezones/ROK.mo": "aae7830d3882c3c798dade05a9eb313806fed299a7f7629e46decebd6eef5390",
      "datetime@0.1.3/iana/timezones/Singapore.mo": "20c6c48dcedace893f231077f520f5d19cd0f2128c2ba96da5f4dfefa3af0a51",
      "datetime@0.1.3/iana/timezones/Turkey.mo": "02afad60e9f4fe7fbd2002fb848b17b355b49ddb0d33be7d8e26cd7fa7e78e9d",
      "datetime@0.1.3/iana/timezones/UCT.mo": "f98f8f81e5e6742c74aa1ef280f247688c6e4268984f3e4975897b65d82163db",
      "datetime@0.1.3/iana/timezones/UTC.mo": "befbe38c6cce5b21e22de7ec95a0ba29b87c3dceb4856b011cefa9f41997f376",
      "datetime@0.1.3/iana/timezones/Universal.mo": "39881224d11a8252cc8e379f5da2c85e578ec3cc73ff314a153400406b89a579",
      "datetime@0.1.3/iana/timezones/W_SU.mo": "1496b552646e59e81135dbfe110e9c5a6eb0d52c888f496f50ecf9a8f2093bc3",
      "datetime@0.1.3/iana/timezones/US.mo": "cd720c35e7f1f3da95daa45c0ab8861eb01f0423c04a2544f75a47abcc160964",
      "datetime@0.1.3/iana/timezones/WET.mo": "4894965d44a8d78101de7316174e7d2997c2e7523a3ba9636284bfd6489da8f0",
      "datetime@0.1.3/iana/timezones/Zulu.mo": "4b8f4c4d5228b4e6a54702700d871ffb8e284e3baca1069c344f4e9825b75f6f"
    },
    "xtended-text@0.2.5": {
      "xtended-text@0.2.5/src/CharX.mo": "ff80b39291b8bf7d84c3b2ea86016f2dc9ba46d6ae2d5121497bd3319b4d0fe5",
      "xtended-text@0.2.5/src/TextX.mo": "4998c765dda73a76c7c257719d115b6c27d632832536a50557f28ac4b5f68d38",
      "xtended-text@0.2.5/mops.toml": "c850f4183a5545c584ee599e7e833402ffe3afc7c3621970bee2bd61ade627d8",
      "xtended-text@0.2.5/LICENSE": "d29036f192ca54721796c4a5abda5980dd026c43b08cad2dac004d22f5bcde50",
      "xtended-text@0.2.5/README.md": "94243cf2ae1fbb2cc3a12642318fcdb9d59db9564871d16fbe073b3ddf31f3cb"
    },
    "xtended-numbers@0.2.1": {
      "xtended-numbers@0.2.1/LICENSE": "7caf02fc1ac48db886244237e0fa148cea6c360daabcbccd3e6d26da422bb06b",
      "xtended-numbers@0.2.1/src/IntX.mo": "53ec1a2ea0ed7cafe3b365a64a650175670e70b567173d1e4be2c6c6f407d4d3",
      "xtended-numbers@0.2.1/src/FloatX.mo": "d1c4feeea00151b7eac6d4b78984853f7a99ef11455076db9f97d8be909f7de8",
      "xtended-numbers@0.2.1/README.md": "7fedbf6a6f6641ebdda276d11734608ac4ac3c412d1a41fb7daf9bd8d7de922f",
      "xtended-numbers@0.2.1/mops.toml": "c0ea770ec7928b8da57ce1aaddca0df61f17e8b86d90cca4fb31af7162616323",
      "xtended-numbers@0.2.1/samples/Sample.mo": "0a92a45bcef169993ac38a4825edce0222213597b40779e97556b0eb9bdbb91e",
      "xtended-numbers@0.2.1/src/NatX.mo": "970e0b74627c9de407013b36312fa16a8187be107b65c5afef291a8fef931456",
      "xtended-numbers@0.2.1/src/Util.mo": "47f9b9a20310ad3e309a4ab465cb1b1a5666c65873554c0d06d89832a96acfca"
    },
    "test@1.0.0": {
      "test@1.0.0/LICENSE": "9323eded2cdf2129732f5b7cd812f350eba0cf68451bb2e1726eaa749b9b1885",
      "test@1.0.0/README.md": "9a274ab711d5a21f317484e24addafaaba552b6018db340b6d79f86d0f21becb",
      "test@1.0.0/mops.toml": "f10054542739ecd3b32261016ab760c255265543d59038a9ef3e0a2c3e8fafbd",
      "test@1.0.0/src/async.mo": "c2b97c96d0022aa0b5a7af3234246968acc50ab4a6441111db0c30d2865f3e76",
      "test@1.0.0/src/lib.mo": "ea2203848deac405c4da10067ab52b9b4334a6b2c8be039efe327a9c1499d6f2"
    },
    "fuzz@0.1.1": {
      "fuzz@0.1.1/mops.toml": "27acd60b5abb79a3cf02ec902728a49af4fa611706897e63fb81ac1b8d38c6f2",
      "fuzz@0.1.1/LICENSE": "3d081f9b4a5e05c2e02a370bbfac792c81125b4efe1404f79a39359e2b923c63",
      "fuzz@0.1.1/src/Array.mo": "22466612295c77943f1865c4eb030fba9e8956ea3169627b920ddbaf9d1cdf4c",
      "fuzz@0.1.1/src/Bool.mo": "0c0b1030d54526605cb06dbe32b09ee3fe66cbed626f49c399e8a6f0c5fa5d4f",
      "fuzz@0.1.1/README.md": "848a9010280015e30f59667f17bc92acce5d8e80e76ac607533de3f9b541a45d",
      "fuzz@0.1.1/src/Char.mo": "818527e96df58e0a1c3a3a92434a4d6deae33f0a5ac1810c5d3c7b87deb8c73f",
      "fuzz@0.1.1/src/Blob.mo": "d222f23b772e6e2f83009c201599edfb432c3d5912f890b3508c4948c004f75c",
      "fuzz@0.1.1/src/ICRC1.mo": "ba20a62932e85a7b32e07112ea094d7fb88f63c0c66f199e3c43b3c03058ea6d",
      "fuzz@0.1.1/src/Float.mo": "5f6c89cd7246351258906496d4a5534970f238f5575f30a428f833f2e53a2f5c",
      "fuzz@0.1.1/src/Int16.mo": "78c0e464cb0dbff805b2a75192c8be91747b1d17b1c574cb33b02bff15a90764",
      "fuzz@0.1.1/src/Int.mo": "8939640ef8e73e0c22d05671c0f54340ccd9ab1f8b2992ee775066ca0be2bf01",
      "fuzz@0.1.1/src/Int32.mo": "f66a30d1ebf5b3365716532bf158586a62ec871a467dab8b8b02fab5298d2372",
      "fuzz@0.1.1/src/Nat.mo": "bafb9ea007d6f3d1c770e6dd368536359a581034383d546852aca756743bcdf0",
      "fuzz@0.1.1/src/Int8.mo": "c32d7c504262e336465143c29c28f140eae09cd7c7059c6e701be714c6050ac6",
      "fuzz@0.1.1/src/Int64.mo": "5e3b53c1b6b06f64ba2a801b2994920ddb8237c27bea6c534f37cdcf6608a3e0",
      "fuzz@0.1.1/src/Nat16.mo": "46fde4497b445f24dbfe29d69b6204af8de3c08e28fb266ab89ddc55b6a03dd9",
      "fuzz@0.1.1/src/Nat32.mo": "5e4d331b24cbc1dd63fb59d5be4b2da8b94708effbce53d72e0a85d0c18df4bb",
      "fuzz@0.1.1/src/Nat64.mo": "66b3922bf5b78b92e5d560eb5cb2fbd1391ae52c4428622ac471ef2ba0d7ede9",
      "fuzz@0.1.1/src/Nat8.mo": "06d08395a5d94f69ae0ebe06456127d00120e75a6811bc7038bfafc3cbbe6678",
      "fuzz@0.1.1/src/Principal.mo": "fa03e8d3d76b66cfed18bb3a89451ea1eca6e6b113f5db9c5441e6105c68a617",
      "fuzz@0.1.1/src/Option.mo": "ff0b8769260e4b6420a846fb965f0bb6aa724a486333f23db86b03ce888a986f",
      "fuzz@0.1.1/src/Text.mo": "842ed6236226118d26a712b64d478b85546ef52a6e02e20fce82e8ff9e615bcb",
      "fuzz@0.1.1/src/lib.mo": "c2186f4510b298e1d6b3775e7dcf53d96e7eb8a3638a29df58e3835c8ab35f40",
      "fuzz@0.1.1/src/types.mo": "e94e673e2486d37a1497380cb4096dcd6e7d9a3bb25963ea6e53b925fd813496",
      "fuzz@0.1.1/src/utils.mo": "121e49271a6dea94a9c56175f75d965d01fc813962cafdb1a1e0ea4110fa58b7"
    },
    "bench@1.0.0": {
      "bench@1.0.0/README.md": "6518eca24000e53b8a662c896361fa003cbc9a3f7d98aaf76fd77679a288a224",
      "bench@1.0.0/LICENSE": "3d081f9b4a5e05c2e02a370bbfac792c81125b4efe1404f79a39359e2b923c63",
      "bench@1.0.0/mops.toml": "f423260f1716f4329713dfbf66343867e749e28646d29a065fac9ecd34e0ba04",
      "bench@1.0.0/src/lib.mo": "1dc6d4709abe393eb7a8496da873028deab9cac11e6c1464ffbde2f2d5151c5b"
    }
  }
}