{
  "version": 2,
  "mopsTomlDepsHash": "f451449065820aac555df898935004bef90b9a81f776f80538e0c3062ddac6a6",
  "hashes": {
    "base@0.12.0": {
      "base@0.12.0/NOTICE": "3960a8d25fa5fc909325817b08b36c1146970930ca15b6352f8ea6db803cab47",
      "base@0.12.0/src/Blob.mo": "9d4b10667080778bca66cb534f1e0a1477e5247a970170f4ba19e7c58cc4939d",
      "base@0.12.0/src/AssocList.mo": "07a92db12c36ba96baf3fb45ac76662407ca5d6cee7aedb01fa8ed6d9ee98cf4",
      "base@0.12.0/src/Array.mo": "b8b182ec7522daf79160a00e34a7ea558369c32c2b67a6ed339fa2e56ce60835",
      "base@0.12.0/mops.toml": "189016735f4d607cbe72d34bda876c43e15ba504596e3d6e0e2c37b7c40f2481",
      "base@0.12.0/README.md": "f45244a47229456939321014b550e3360b4f8c4d0fd60aa60bbba7e9eacbc8de",
      "base@0.12.0/LICENSE": "166bd8e8cf7790087d1fd18a9fa4d060cc0d0b3e5ab30689aa5f3a59a93386bf",
      "base@0.12.0/src/Bool.mo": "65faf01dc6e3609ed2f729b813811506951adcce71c081fc6edcdbae4c8b1169",
      "base@0.12.0/src/CertifiedData.mo": "51a205989529f6b4fe788f78be0de2da1cb96f6532aac8accccbf4421cce3d06",
      "base@0.12.0/src/Debug.mo": "3bc1b92c7e849ae09bd5bc43397d625c07ce80d1089cfe12cde6e6fee6a6ab7b",
      "base@0.12.0/src/Deque.mo": "39da68fb8f19fb497aa3db769ffe2cb740cab54e6d82264052de505edac9b17b",
      "base@0.12.0/src/Error.mo": "988e300efcdf69d08338a506b47da2536a376187542a731dcc83b427c711a23d",
      "base@0.12.0/src/Char.mo": "dc34cfe3482b92134e5604629377b4236367f2f31d8a82b81084ca5cadf31c2e",
      "base@0.12.0/src/Buffer.mo": "7ad75dec25ea37e964c536d6bb86ed90cc48047feedb57c9ded359bea49045f7",
      "base@0.12.0/src/ExperimentalCycles.mo": "914a997e981431b104ec8ef6c263908738ce88a3858d93cff7d1b3290cd6b68f",
      "base@0.12.0/src/ExperimentalStableMemory.mo": "70330ae4d113e15d1d211c8ea229bc0a6fc6c014f5fece58aea0de90c82e4fff",
      "base@0.12.0/src/Float.mo": "499f0b2e4b3b1bd4322eaa6aa34ed3a99b31f837c6b032e5000e2f574bffa908",
      "base@0.12.0/src/ExperimentalInternetComputer.mo": "4aa908a6d33be0b0ee053056890c10dfc040df327283087e7c2a923ab19b6ca9",
      "base@0.12.0/src/Func.mo": "bea8bcb92707a255814e0a7d79c238e490860c38001438612948704027f05bec",
      "base@0.12.0/src/Hash.mo": "99d7add2ed6e82cf482593ac85edd231d507ef542608cd42fec1cc6d764906e9",
      "base@0.12.0/src/HashMap.mo": "639c3377687ef59c22ac8df7ef5b26cf6c9689a356ea1ac9fbe215819db59adf",
      "base@0.12.0/src/Heap.mo": "517b746ca16d80b9b7cf3fc6c2883854d4cb240bd494a888fb65ac02441f769b",
      "base@0.12.0/src/Int.mo": "3dc2fe075ca553d92cb8178f3216a591233376ffb591d42a8f08bd86c7b5cea6",
      "base@0.12.0/src/Int16.mo": "586617af6cef687bd05cd29cd0c785b366ad5ad2b871151f909de76671b755c3",
      "base@0.12.0/src/Int32.mo": "bcb4775ef68e0b2b5b872771abcda8eaef4e0a126562b0877e91b3a1ebaaffd6",
      "base@0.12.0/src/Int64.mo": "7cfa15c6a8b777fb5f67e841da3d0960a5ef43c66d46acdf354e8a7dfac57d2d",
      "base@0.12.0/src/IterType.mo": "1b6361f1b7ee81d1974719c8464c8c574aaee992c37c3c7b6c39f107a58af01c",
      "base@0.12.0/src/Int8.mo": "dfdaf280fe2a1b7524cf82116ccdeea5c70cb27046b8addd3c3d9f387b17f594",
      "base@0.12.0/src/List.mo": "d13e77eb05b4edcca55e7cc5ee7ce5018c5a137a7a67708e8eb54967c38673fb",
      "base@0.12.0/src/Iter.mo": "b06f5700cc1d390368d04a62977a929e9d67af1a1a2738728c3c5d00fcf913b5",
      "base@0.12.0/src/Nat.mo": "d2d24f2b42365b3a54c8bb3cf467b94d1ec7f3271a7d0f671986c04a39a8b844",
      "base@0.12.0/src/Nat32.mo": "7919cf0598707ae3628d70caa3bb44c04e3bd940752b85481f4f071cde89b66a",
      "base@0.12.0/src/Nat64.mo": "dce2861f9674d6301fb2b98475460e85b3d245537c52e3c7a90fac257e5c96f0",
      "base@0.12.0/src/Nat16.mo": "42483fe26ec90fcfc5d90e82df945ea128d10145dada4ee8f68ee85e62f17841",
      "base@0.12.0/src/Nat8.mo": "b9266d0b5e284288beeca990963cb7a8c9492d69771c656d0501507a613802ba",
      "base@0.12.0/src/None.mo": "b204a4964519117e6fa8ee82da5653376988cf618fc397205dfc8ea58f60d2d1",
      "base@0.12.0/src/Option.mo": "72c9ddc183b6248375e0f96efd33881a130a465f97e6a3a553ffe8f16bb5fba7",
      "base@0.12.0/src/Order.mo": "d8c76128271612469d052520f10af726556df78688729f9856b62ea292e0f43f",
      "base@0.12.0/src/Prelude.mo": "7b4ea84cb683203c68d6135b524ca5587a1b23436d6733e0aaf723d36be4aa85",
      "base@0.12.0/src/Principal.mo": "5e50eba952b7de62450264a2ece0af6edadd0b6dd4c8cfd2e432ca66022f70ab",
      "base@0.12.0/src/RBTree.mo": "fe2f775b84552e97ab4749b48d8aff6da675c8541b927f697055f34eb4decd2c",
      "base@0.12.0/src/Random.mo": "15f6fd50d10a9eb401c3f18f19874fb334fec309e94499a46a0a876037dca266",
      "base@0.12.0/src/Result.mo": "4aa00198ee36ea3b60519f9c350e1c17b14b6ffa005b6d4edcff36a0a206f3af",
      "base@0.12.0/src/Region.mo": "6ca3019aed15ad442a3a794000ac245b2bcbd846033966e446dc1a29986dbf0b",
      "base@0.12.0/src/Stack.mo": "4b2681e9ed562b02840b7a46b58e66b695a725f31b94f6c9952e95e81b703b84",
      "base@0.12.0/src/Time.mo": "4e2a6126d0a2b0b862735adbde93620a70cb388af25a87c7b853650abd0743ab",
      "base@0.12.0/src/Text.mo": "08c5c0328da359144a6d50552b5c3ca9ccb63c6b859e2b2403abbfd112e09708",
      "base@0.12.0/src/Timer.mo": "6d1c5203670163e689484231c1c34add09938621f9f21ce1390d0d8c4e3ec31d",
      "base@0.12.0/src/Trie.mo": "63c0fbe6d48808630c7edf51d66140b8b2a43a734e425ab854234126e242cb07",
      "base@0.12.0/src/TrieMap.mo": "6d69d887006cd1dff09331473f258141bccb251a04a3a8221b65720a4bf237ac",
      "base@0.12.0/src/TrieSet.mo": "29b3314f43fad714fc7b68cc3b0dde00a7d8b02b6431afd7fe12304dc14f9612"
    },
    "time-consts@1.0.1": {
      "time-consts@1.0.1/src/lib.mo": "a7ab0b790436c9f8ca56f657e3e6c5d706fc93f7aba9f70e4aa60c4f619a3527",
      "time-consts@1.0.1/README.md": "9b3fafe1dfd499111bd65e51166ed68d1bd40cf9f5f2c1aba44ad6f45bee009a",
      "time-consts@1.0.1/mops.toml": "4deeba3ace4f9069e8155dfd6920244ceda39eae2a9c5841ca806eb6efc7b8b3"
    },
    "map@9.0.1": {
      "map@9.0.1/test.mo": "1dbf0189e91fe529366dbca96b265728ae4ebedab0072ed3a8e6c1b40b1f2b95",
      "map@9.0.1/mops.toml": "2d39600b74fd262e71ab620d94bb3727ef0228d056fbc1cdd0e4742063ea74f2",
      "map@9.0.1/src/Map/const.mo": "daa2d3cd2e3f59c0793666d5d7be30e097f38bba34d1f818f72672e8ee31ecb3",
      "map@9.0.1/src/Map/lib.mo": "b04a6971d237b5869ffb21f4c061993039b5d3aa7fae9e998583c9d56f2811ad",
      "map@9.0.1/src/Map/types.mo": "828fd9cd9ef34664fa50a149ed5c3b4ac66c937b5f47c57f183a2b9a8cf67372",
      "map@9.0.1/src/Map/utils.mo": "0c44db72a226c91483390ce286593d2d92550c28f77ff9b5810992b57fa7c438",
      "map@9.0.1/README.md": "d82170254be14dffbe42591deff3b6f5507b9efe9c2d4d416529ee0a5f8a1c77",
      "map@9.0.1/src/Set/types.mo": "2f369ce007b606c416ce5ce3a587624d890899356aa1b8eba324a7f4caea26e6",
      "map@9.0.1/src/Set/lib.mo": "d28b2ac313579d88454ae4d68d17181ab8de0e2d5ecca4df79d4f895a79181ab",
      "map@9.0.1/src/Set/const.mo": "daa2d3cd2e3f59c0793666d5d7be30e097f38bba34d1f818f72672e8ee31ecb3",
      "map@9.0.1/src/Set/utils.mo": "0c44db72a226c91483390ce286593d2d92550c28f77ff9b5810992b57fa7c438",
      "map@9.0.1/src/Map/modules/clone.mo": "26e81e881eb3ee489231233f1dc8ec25b4a3c546a9e12cc0746892a8271c316a",
      "map@9.0.1/src/Map/modules/fromIter.mo": "3e6791d684a59c0894e5e3fe5b4f2ccfd3117f6cfa8a57aa5617bb681420454e",
      "map@9.0.1/src/Map/modules/find.mo": "2074f9bcb0fabd7d5ea7331315ba5b91926e25f35de23a1c9ef2b09bf9e8dea9",
      "map@9.0.1/src/Map/modules/get.mo": "1e8683d00760fa32a3b365ce9be5d246b8773da1eaf827d9c86e43974390d3f4",
      "map@9.0.1/src/Map/modules/init.mo": "cfdbd9a081b89d36b53514d7256569822fb7583cb5623b009ae1a530b11fa3c5",
      "map@9.0.1/src/Map/modules/put.mo": "6f763f9eb1360e8f50cd6dcdd99d09476b5740f63efd14b350295b0742330092",
      "map@9.0.1/src/Map/modules/rehash.mo": "2b5455e77226245e32ce1b06d7dbfce5d2f7eccf6f288f34dea4d7bd22c12dee",
      "map@9.0.1/src/Map/modules/queue.mo": "129b5e107fe76d8c7acff3bee75b0fc78d4fd8868234769282d652d517f703b7",
      "map@9.0.1/src/Map/modules/iterate.mo": "86c249769b5e338dce5a9b9eec4e0f9d68cc5ca637131364d78d1f263cb10030",
      "map@9.0.1/src/Map/modules/toArray.mo": "e0d29cbb4be5959f7741f8e5b89a571076d33aa959357fcfe1809e1e787f1f84",
      "map@9.0.1/src/Set/modules/clone.mo": "86986a4f96d731b2881f1ab7281862bf8ee65a8abb4de59f22e72c08272cb856",
      "map@9.0.1/src/Map/modules/remove.mo": "54151a37caa332012c1798964c83f37752cb6256b93964c7ec75df2df63420ff",
      "map@9.0.1/src/Set/modules/find.mo": "3f61a8644f712eda9367ae31a46366b48cb40c2c78b00946448a5fbdcb61acbc",
      "map@9.0.1/src/Set/modules/fromIter.mo": "6d39cf258febd9dba33f34bd8d5c00fdd42308417c1a5ba4bb6de39508dd591e",
      "map@9.0.1/src/Set/modules/get.mo": "1892927614478eb35428238323231b9f52dcea31bdcc129fd5e8359da6752616",
      "map@9.0.1/src/Set/modules/init.mo": "0ae14693721844f6dc6c3f14bcde059fdbb64620ee552c78e8c81bb7579c4361",
      "map@9.0.1/src/Set/modules/iterate.mo": "6288764f10ff9b6cd7d8f637fbed046e344c9b4e26727132a0bda6a824a8251f",
      "map@9.0.1/src/Set/modules/queue.mo": "d2396b0fdb8531cbdf29200c5dcf1704a0704922c00e0ea8f483b5c2c3ba8b13",
      "map@9.0.1/src/Set/modules/put.mo": "ef25497595c08e4217f5603aa1c16b973e2d31303a58f1e51dc159442b088392",
      "map@9.0.1/src/Set/modules/rehash.mo": "133228a3521069233e6b676de05e84fba4f28e3fff63b5dfce1d1a603b4bf609",
      "map@9.0.1/src/Set/modules/remove.mo": "9548e3d1df5b82d68dd469ca6aa30f06d9619ae2ab7068b8344505349b487feb",
      "map@9.0.1/src/Set/modules/toArray.mo": "6d6c3162ba79935d56390dfd4cb3434493b2c121cf09aa3b2a2af9b12e276eed"
    },
    "ic@1.0.1": {
      "ic@1.0.1/README.md": "5efa5e123f5327597f0935320ff8c1cdd7976469a760553fbbfa6961cf514dd9",
      "ic@1.0.1/LICENSE": "b0c603803f7aa8275dcb0502968f96725b151a4f7108549584045d79ba0ec14f",
      "ic@1.0.1/mops.toml": "5dca2fd41a666895ca6142f13808bf14cb2fae279020c8fb58aa34dd9d62243a",
      "ic@1.0.1/src/lib.mo": "db81425f70e6139333165b17b2668e84da7fabc5e92135fb51ebb975cb77250e"
    },
    "backup@3.0.0": {
      "backup@3.0.0/README.md": "804948c918079011ff266b2c5c51feece7ff428eeaeaea758ff239e210c95ef5",
      "backup@3.0.0/mops.toml": "21fc43213c6c9bfa01da3d250972372c5095b955a2c99aa0d2f99d8a58d0d1fd",
      "backup@3.0.0/src/types.mo": "873c9c84eadf20884e6ab4be70b6c399900eed806eb1c6b95d48282427f1cafd",
      "backup@3.0.0/LICENSE": "3d081f9b4a5e05c2e02a370bbfac792c81125b4efe1404f79a39359e2b923c63",
      "backup@3.0.0/src/lib.mo": "34e2935f963b82daa77020277217068da626f1ccf5844e4a92fcf1b10f2f9f8e",
      "backup@3.0.0/src/backup-canister.mo": "5b690c724a4bb45d58f5d15728e82b6c1e41448e45138bc752cd21bbcbd93a40"
    },
    "linked-list@0.1.0": {
      "linked-list@0.1.0/tests/Lib.Test.mo": "695afdaf9fdc2c01f99d74f170e41c2ec89b7c64c48cabf9a74e5301aaa1fa8a",
      "linked-list@0.1.0/src/lib.mo": "0a0d75d301ccf9480c7141b42c3ed237c0cdd0901ce02911c8d7f0265214df77",
      "linked-list@0.1.0/mops.toml": "7b429ddfbc87f561d91febdfcd89bdb589edad606d0f8755487f6224b4166413",
      "linked-list@0.1.0/README.md": "60a7d91c2df88c4908a245eddeb57b393b708b62a9b4e651d48d5368b16ef952",
      "linked-list@0.1.0/LICENSE": "722f3f4279baf4ab992c14fdbb619e088f85af40b24881a8851de77e4ab084f6",
      "linked-list@0.1.0/tests/utils/ActorSpec.mo": "2cecbb03ed1f43e8be8ecc6fda727c5c34d280da47ba9258ec35ced5efbfe669"
    },
    "http-types@1.0.1": {
      "http-types@1.0.1/LICENSE": "3d081f9b4a5e05c2e02a370bbfac792c81125b4efe1404f79a39359e2b923c63",
      "http-types@1.0.1/src/lib.mo": "76a3cca1008196c914605292f06cedbf4b43fd6c896673f13e3c8a42fc4c0dcb",
      "http-types@1.0.1/mops.toml": "673a36cb22f7a59ac8f6037f400e0dba97094494688e1082921ca883cf0ede40",
      "http-types@1.0.1/README.md": "d03507b4773359e4a9b20f0da5dbc1d469d2109d4c17750e079907db7c7479b6"
    },
    "memory-region@0.1.1": {
      "memory-region@0.1.1/mops.toml": "b2299ed1398a39026d81c0a33ce59282097a210a24007fbbccd20049828e2a31",
      "memory-region@0.1.1/src/MemoryRegion.mo": "1a4d28e68d9c03be644e15c7723fb0eab524ff41a39c625864c3c4523e8b6e96",
      "memory-region@0.1.1/src/BTreeUtils.mo": "d4d3ff2e24b80de47f2fc7ab911a52801c4dc339c02855ccaae9e1d5fd4f170c",
      "memory-region@0.1.1/src/Utils.mo": "5f45964251a6f9e443bc50ce49c85c10ddd42709c7bd382523875b3f8929b965",
      "memory-region@0.1.1/LICENSE": "722f3f4279baf4ab992c14fdbb619e088f85af40b24881a8851de77e4ab084f6",
      "memory-region@0.1.1/README.md": "a61ec9de41350f98924e6371bde87cef5cabcfd5c5a675a2b0c18ae0f4986465",
      "memory-region@0.1.1/src/FreeMemory.mo": "1c2e2ce4ee8241095d3933e94dab9c721b6613bc1f996afd441b4a05f3ebe55b",
      "memory-region@0.1.1/src/lib.mo": "4f66b55701732ed8313ce2317fab693b35f6d7bf8bf107da809aafa1f4ca1599"
    },
    "stableheapbtreemap@1.3.0": {
      "stableheapbtreemap@1.3.0/src/Check.mo": "c9a3189ba0669abf69c83c2ab525f5cc9312df5ec1bfbcaad7812b0d958301bc",
      "stableheapbtreemap@1.3.0/mops.toml": "afaa0ea7be24232400a88c9b063caf36281873d311b48a5451d3ca0bfa707f07",
      "stableheapbtreemap@1.3.0/LICENSE": "a70773cd5e9aa630d0a333a272e0fc5a54c72e6701ded2395417b09d94265e18",
      "stableheapbtreemap@1.3.0/src/BTree.mo": "fadabbc13c452ac128335055faf40e9bdf8eb1b7cab774ff18bda5062cb92aab",
      "stableheapbtreemap@1.3.0/src/BinarySearch.mo": "473324dc4ee661ae082d6945048e055d27072ea81da938369cba1d06b1d0352d",
      "stableheapbtreemap@1.3.0/README.md": "c6fcb2dac3fac8f0302048a1c18df447a61ced349cf74d6626aba350fa8c5cc2",
      "stableheapbtreemap@1.3.0/src/ArrayUtil.mo": "8c79ab4cb596dfe9a0c5d560daabc4d5d8ea895e6e44248bd787de911549635b",
      "stableheapbtreemap@1.3.0/src/Types.mo": "d99c0bcb0fc6ed687e98cad7e17e605834de9981fa49e0df8e54810a0a2c8139",
      "stableheapbtreemap@1.3.0/src/NodeUtil.mo": "1ab779e112b84093d62fa9e159b9b7727a667656f00be6c3a2938c699a78b1dc",
      "stableheapbtreemap@1.3.0/performance_testing/src/btree.mo": "d305dbcc35f436361f3d42a2d3456bfa31a1ba01e9fb4b85df3b86df3b7e6328"
    },
    "fuzz@0.2.1": {
      "fuzz@0.2.1/LICENSE": "9323eded2cdf2129732f5b7cd812f350eba0cf68451bb2e1726eaa749b9b1885",
      "fuzz@0.2.1/src/Bool.mo": "0c0b1030d54526605cb06dbe32b09ee3fe66cbed626f49c399e8a6f0c5fa5d4f",
      "fuzz@0.2.1/src/Blob.mo": "d222f23b772e6e2f83009c201599edfb432c3d5912f890b3508c4948c004f75c",
      "fuzz@0.2.1/mops.toml": "2eb54e23d6120662298ed248ac489e2a77d26cb321c51df772178b3a17ac6d93",
      "fuzz@0.2.1/src/Buffer.mo": "90357da6951b32a57bcb379692d08784d322f4b5433c8c5a7686cbd1d9c89af9",
      "fuzz@0.2.1/README.md": "ce18c86e17976ae1f341c22912a2765d8cd0834494f565058029a2b5b504c52d",
      "fuzz@0.2.1/src/Array.mo": "e35a723792eababc3b912f5452dddddf0ca95879e16139168e7e845b12cde5af",
      "fuzz@0.2.1/src/ICRC1.mo": "ba20a62932e85a7b32e07112ea094d7fb88f63c0c66f199e3c43b3c03058ea6d",
      "fuzz@0.2.1/src/Char.mo": "7c5f6e822f981f1391692a34519c5922bd46b23ad68e3cef3f07d8c359031693",
      "fuzz@0.2.1/src/Int.mo": "8939640ef8e73e0c22d05671c0f54340ccd9ab1f8b2992ee775066ca0be2bf01",
      "fuzz@0.2.1/src/Int16.mo": "78c0e464cb0dbff805b2a75192c8be91747b1d17b1c574cb33b02bff15a90764",
      "fuzz@0.2.1/src/Float.mo": "5f6c89cd7246351258906496d4a5534970f238f5575f30a428f833f2e53a2f5c",
      "fuzz@0.2.1/src/Int32.mo": "f66a30d1ebf5b3365716532bf158586a62ec871a467dab8b8b02fab5298d2372",
      "fuzz@0.2.1/src/Int64.mo": "5e3b53c1b6b06f64ba2a801b2994920ddb8237c27bea6c534f37cdcf6608a3e0",
      "fuzz@0.2.1/src/Int8.mo": "c32d7c504262e336465143c29c28f140eae09cd7c7059c6e701be714c6050ac6",
      "fuzz@0.2.1/src/Nat.mo": "bafb9ea007d6f3d1c770e6dd368536359a581034383d546852aca756743bcdf0",
      "fuzz@0.2.1/src/Nat16.mo": "46fde4497b445f24dbfe29d69b6204af8de3c08e28fb266ab89ddc55b6a03dd9",
      "fuzz@0.2.1/src/Nat32.mo": "5e4d331b24cbc1dd63fb59d5be4b2da8b94708effbce53d72e0a85d0c18df4bb",
      "fuzz@0.2.1/src/Nat8.mo": "06d08395a5d94f69ae0ebe06456127d00120e75a6811bc7038bfafc3cbbe6678",
      "fuzz@0.2.1/src/Nat64.mo": "66b3922bf5b78b92e5d560eb5cb2fbd1391ae52c4428622ac471ef2ba0d7ede9",
      "fuzz@0.2.1/src/Principal.mo": "fa03e8d3d76b66cfed18bb3a89451ea1eca6e6b113f5db9c5441e6105c68a617",
      "fuzz@0.2.1/src/Option.mo": "ff0b8769260e4b6420a846fb965f0bb6aa724a486333f23db86b03ce888a986f",
      "fuzz@0.2.1/src/Text.mo": "8b59cf2f127c1fa8f5aa891868da29fd5db56bef6c51c5e54cf811bf2423c2ec",
      "fuzz@0.2.1/src/lib.mo": "b7816a8efa0e00a6e2b9808593b92d341f47d9be2d23900c47dfd7bd84164c61",
      "fuzz@0.2.1/src/types.mo": "e94e673e2486d37a1497380cb4096dcd6e7d9a3bb25963ea6e53b925fd813496",
      "fuzz@0.2.1/src/utils.mo": "121e49271a6dea94a9c56175f75d965d01fc813962cafdb1a1e0ea4110fa58b7"
    },
    "sha2@0.1.0": {
      "sha2@0.1.0/LICENSE": "c71d239df91726fc519c6eb72d318ec65820627232b2f796219e87dcf35d0ab4",
      "sha2@0.1.0/src/Sha512.mo": "4fbae3f3a1e8f8cbb4816ae093fab814882184cf37fe642de478a8c1d9e0bd5e",
      "sha2@0.1.0/NOTICE": "71e037856ba594c2b26f5d97a1f77a907ab2013af8cbb124857ca8b53022f83f",
      "sha2@0.1.0/mops.toml": "36a54c05e17a29c276490836732acc5bf8ce89f5f1df4723a2c0837c7c52576f",
      "sha2@0.1.0/README.md": "a0ae47017fa3565b3ba7727515673d007a95c54beb7a933588ffb1b1532f9013",
      "sha2@0.1.0/src/Sha256.mo": "393a8bd68ee648ee36dfe1d84d36985c2ed1f13e5f40119b00ddb0575a81137b"
    },
    "vector@0.4.0": {
      "vector@0.4.0/mops.toml": "8329a18225569882262441c790037c929fc728502aa13d03f020d232c6fae6dd",
      "vector@0.4.0/NOTICE": "71e037856ba594c2b26f5d97a1f77a907ab2013af8cbb124857ca8b53022f83f",
      "vector@0.4.0/README.md": "2a6ff1b03d11daa74ba2f781af1fa9ab7ad95c1211b965adf231c814d7ceb25a",
      "vector@0.4.0/src/lib.mo": "0181ef1e2cd1ec93d64e13a2ae07c8fc106c50fbec38c35af099cfd9277a1727",
      "vector@0.4.0/LICENSE": "c71d239df91726fc519c6eb72d318ec65820627232b2f796219e87dcf35d0ab4",
      "vector@0.4.0/src/Class.mo": "5c5ad6caf6d1c2c38b071eadb6da66fcdc002ab5e8b427ce9827d9ecb4ab78a5"
    },
    "datetime@0.3.0": {
      "datetime@0.3.0/README.md": "fbbcc8a80a1ff0424dcbf54ba55064b0cad3806c654d55e83c03c99eae0a3741",
      "datetime@0.3.0/iana/TimeZoneFinder.mo": "6614e5aa57674a729fb4efbffc1593cd7a1e9e82791b7f953f3f44a61a4f11e8",
      "datetime@0.3.0/iana/LocaleList.mo": "bc3c1f9f8c1bde05410fedf0bfe3de7d68b095fc2292c998347cfc28cf92aef7",
      "datetime@0.3.0/mops.toml": "c9718c85af07e537a71eef1d4e5a75206f90a4bdc5d9a29c440476aeabfedc45",
      "datetime@0.3.0/iana/LocaleFinder.mo": "b11c54cc8a00274ff08a66bc3f3492829280c7858e9ed45da7085c2078a0323e",
      "datetime@0.3.0/iana/TimeZoneList.mo": "203eba742442035e75b2ab552b98abb0dc8b795a2624c4e2a37058c84330c649",
      "datetime@0.3.0/LICENSE": "d29036f192ca54721796c4a5abda5980dd026c43b08cad2dac004d22f5bcde50",
      "datetime@0.3.0/internal/NumberUtil.mo": "896505d08686aea92de9bffc7a145dface09c25f356b5aae5f5e1d392f7f5789",
      "datetime@0.3.0/iana/Types.mo": "835818178f0019c734e134b4603625d19b9651461e28e184813853310373d91a",
      "datetime@0.3.0/src/Components.mo": "9db7b568805ffaebd48bfd10b68a955cd46a86cca5c644f728d0ebe61a48133d",
      "datetime@0.3.0/internal/TextUtil.mo": "460a03f14a290720ca0a938409fdb66d416a2e9b6bdd3a6179afefa445a71324",
      "datetime@0.3.0/internal/TimeZone.mo": "241e8208141c53d5b60d32248d8621af3d679aa7c4055836b1830311b0d4f8b1",
      "datetime@0.3.0/src/IanaTimeZone.mo": "60711dad56bccf9313a5f27933d9f595ae178efc3d05b8354c5d4cb89bc8aa18",
      "datetime@0.3.0/src/DateTime.mo": "06fc0a9f046e6905d30035ce70f93a4c29613f71c983ab4495e58af9aa9d36a9",
      "datetime@0.3.0/internal/Components.mo": "950ad873d76cecbb59eb4626c3ff12823379bda8a4bf6c155b1097f25cb950e7",
      "datetime@0.3.0/src/LocalDateTime.mo": "0aab8b1515a03de0fcdf915eb71fd1c844446d44f965c3bff4fe3caab049e123",
      "datetime@0.3.0/iana/locales/AF.mo": "d958e0d1cab2b9c7fc0d7d8db0a1fc8bf7d8c94eaa3c803745a9b6d8ae3657cb",
      "datetime@0.3.0/iana/locales/AR_LY.mo": "c119b81f423928710db01afd19b99583defb5a6e1a1c4493f7adc6cc093c699d",
      "datetime@0.3.0/src/TimeZone.mo": "001d15b7cffc318f44319784bb3c81889595f858b82a3172723e94988b9468f2",
      "datetime@0.3.0/iana/locales/AR_DZ.mo": "b3ea68d7ae0a55e4f9faa14606c5e9f0059596fbcb168045855cf87eb2f09579",
      "datetime@0.3.0/src/Types.mo": "1e2abb897dbbb5b0abfab91f6b85780ed3294cdec24bc983722d924675de0128",
      "datetime@0.3.0/iana/locales/AR.mo": "d72a719bbb4c117642084eeedf7327e6b7628a447b07673313c151bedfca3047",
      "datetime@0.3.0/iana/locales/AR_KW.mo": "71b980a4ce541d2191235bd3e863b9677cec0811b0657087f9483595f6641d26",
      "datetime@0.3.0/iana/locales/AR_MA.mo": "6f75152f0596d3de5595b07ecf7b34c774ccbc08cb79f87c1abfc571949c21c7",
      "datetime@0.3.0/iana/locales/BE.mo": "098b0edcc43953e824f8eb0c577666a070df226b4a4ec707c6fd140083d9e1d3",
      "datetime@0.3.0/iana/locales/AR_SA.mo": "77aeff4f703302384d49a4f67c2ade177d7edbc134b7b86ffaeca3299a595d4b",
      "datetime@0.3.0/iana/locales/BG.mo": "abc1f318b286dc19382bc8014503dc9a3a5d5b38893be95b14ef5b6e5d5f5c79",
      "datetime@0.3.0/iana/locales/AZ.mo": "5e1b9b65be3a94d34a5294a58996ce2fd6eb7bcc3bb5e5ff40b78c8650876b10",
      "datetime@0.3.0/iana/locales/BM.mo": "1a450b949d5bce0cb5af2c50a7fce20fe07e23754e5d1ee69aa757f530752176",
      "datetime@0.3.0/iana/locales/AR_TN.mo": "8ad036c4060f77479a5f265d8b78efb9b8f4b857d2fee6c7cfcf5e36edd5c78a",
      "datetime@0.3.0/iana/locales/BN.mo": "0bf77151645307c92ac5f8fce646cb804116c37da88d8a10d9d631d19e950acf",
      "datetime@0.3.0/iana/locales/BN_BD.mo": "58e1c447fe71511b1a2e9f2fa1d269d6592d1ade44426e040a7e9ba88290446a",
      "datetime@0.3.0/iana/locales/BO.mo": "3b7ed7bc385d10a872ed40f9ea289574e4b85ef956c7c7cb4c673b7c038a1da1",
      "datetime@0.3.0/iana/locales/BR.mo": "02364c23fb3d98ff378daf77f33d6c9d4026420385b2dfb990ef64ca1618bb06",
      "datetime@0.3.0/iana/locales/BS.mo": "75a45f1497e1622f6dd794a3ac9a5bbdf0834d442fffac936564a52b925bbeb9",
      "datetime@0.3.0/iana/locales/CS.mo": "899f34e363f208fa945d545b1abbb0d91d418c785ecd764a096a024560c10a8e",
      "datetime@0.3.0/iana/locales/CV.mo": "c4871ef1dc5f846dff671a101610d31c998a0b8466c1568bd7ae11b7e74bab02",
      "datetime@0.3.0/iana/locales/CA.mo": "e989ab113b6b5381ea9ffffc9366a5a95bb00731094146b11ac174226b2f31db",
      "datetime@0.3.0/iana/locales/CY.mo": "e9799f8bd0fd732095d5e1a2bda11163bb9c4a6a20172bf85be2c3b6bc63ed74",
      "datetime@0.3.0/iana/locales/DA.mo": "49c44057fb2c54e6cd5f8d690f6223701e429ab92a01a148e8cecc8e428ac54c",
      "datetime@0.3.0/iana/locales/DE.mo": "f8272bee4e8e9bae88dc18015035df3c95140c6077a608c1990d87175814ff0e",
      "datetime@0.3.0/iana/locales/DV.mo": "d219bdce108118413b539f3d2df2850317f600d3d7554e41a8db1d5214de9623",
      "datetime@0.3.0/iana/locales/DE_AT.mo": "a04f786b9506ae221fb7ca8de0347bf61ac156dafd07bce1e8d353c8ff878dab",
      "datetime@0.3.0/iana/locales/EN_AU.mo": "3fbcafc6aac39ebaf0b054df4934e491d84e19c28bfdead66a8adaba1a7ae173",
      "datetime@0.3.0/iana/locales/DE_CH.mo": "53e66a9823402787377f6ec197a2ae82953afb917014dca66a6034c02a9524be",
      "datetime@0.3.0/iana/locales/EL.mo": "c7604d0e5c077e7b490834f45f43ae0da33dd8e124c93553a51b1d01f92ff072",
      "datetime@0.3.0/iana/locales/EN.mo": "705c8accc79b2eb13301db7a0592f16f2e0ae42d78664c9f6c310a6e3fa4525e",
      "datetime@0.3.0/iana/locales/EN_CA.mo": "25ae07f177d27ec6ab91f338d24d8bf2991ffab8c2d0ebce907680d84f7adef8",
      "datetime@0.3.0/iana/locales/EN_IE.mo": "87763c5e8f12e8ec9674b17bf7aeb8a6425b55382017e0541c41eb35e0a84c38",
      "datetime@0.3.0/iana/locales/EN_IL.mo": "7c75b0c1a417c0b1cf2a757aef6ba714ca3c3430bf0aeaccff41830a69dee636",
      "datetime@0.3.0/iana/locales/EN_GB.mo": "e90df5d9f74fbb720a4337afc510d7a22b3f84507991aa45c207c6c8bdc1619f",
      "datetime@0.3.0/iana/locales/EN_IN.mo": "3de15acc1418c7b1b9f5a55646311e22dcabfeeb871c21da8e19a8dc49986b98",
      "datetime@0.3.0/iana/locales/EN_SG.mo": "63bef58ec955a9f3794ec4475c374d846e9f650c4b7c52d1eb0593111878e424",
      "datetime@0.3.0/iana/locales/EO.mo": "2ec950f238d05a99d4e2296b38a7575ed539293c4ff31f7eb9b19eb4f62a6da6",
      "datetime@0.3.0/iana/locales/EN_NZ.mo": "70cb860f15d5f5c2cce34cdf2014a2515c35f014e6076cc39de70539e37e3cb8",
      "datetime@0.3.0/iana/locales/ES.mo": "20ffba813fdf0fcb0a802445beeb6d268f767c43984651195051e9bf9c7f8c17",
      "datetime@0.3.0/iana/locales/ES_MX.mo": "34613a1033748653a0f23679ddb5a70c49255cf53527bae000eaa3d20a46656c",
      "datetime@0.3.0/iana/locales/ET.mo": "7679abda15142a5fcc1bedcdcec5d8009c9d7863d1dff9dcd716ebc0a250a345",
      "datetime@0.3.0/iana/locales/ES_DO.mo": "25524071ba50e60b6e3137e1d4ef6ecfd67aaae530c249a3cfae4b21e8adc3a0",
      "datetime@0.3.0/iana/locales/ES_US.mo": "8450f7fd36dd6ee95ff935ea498939afe055d776558bdde20de3bccadc0d102e",
      "datetime@0.3.0/iana/locales/EU.mo": "9e0a50645dcbb3dc1159a64cb28750be7e346841f6ae1ee7c7abcf0ea50b5e86",
      "datetime@0.3.0/iana/locales/FA.mo": "2f92a9c1a1ba8d1ef61803e68616f908bf1903c1aa148c6cf34e03e90dc40f24",
      "datetime@0.3.0/iana/locales/FI.mo": "efb206bf26e86bf83c45ed944eee992a96f83e7148029aa8843e8b1d270ee7ba",
      "datetime@0.3.0/iana/locales/FIL.mo": "f02323a55b4022bb74c57b5029203aefcd2ee415352469f627d66e36302e2a3b",
      "datetime@0.3.0/iana/locales/FO.mo": "15ec60b8069e0d211cdeabba1939dfcc71043939474067f64ce365ac943608e4",
      "datetime@0.3.0/iana/locales/FR.mo": "b950ba84171c59f67278fcc7fc9cc215e0080e527842117f7d072ce1783d0373",
      "datetime@0.3.0/iana/locales/FR_CA.mo": "d37414e74bdbd849d7d9d61d25c9da32b0c99cb28e9947144e24db3098495ede",
      "datetime@0.3.0/iana/locales/FR_CH.mo": "819ac41ce15236e9db071f8ac01dc771b9de3e0226bb3329813eb14f66a3f5ec",
      "datetime@0.3.0/iana/locales/FY.mo": "be482cb1a8bb880d1991b996d3f969af9eee4e9a047c88ad25dbf6501e291cb6",
      "datetime@0.3.0/iana/locales/GA.mo": "10ae2b2939e788b347af981464c9d2b8a4ea71173d696e79065a24cdac82a089",
      "datetime@0.3.0/iana/locales/GD.mo": "6d0d7c7b03642e3300d5b492dfe00ee904e380905d7f13f528463a4a8fff9c6c",
      "datetime@0.3.0/iana/locales/GOM_DEVA.mo": "04f7cd1832f6a45ae680389c45530c087994e4f326a206fad539e88ec75e3d66",
      "datetime@0.3.0/iana/locales/GL.mo": "1a9fddaf56457921dfafc7d720d27a9a5528b139e352bd0c0495c0e91e24b9cb",
      "datetime@0.3.0/iana/locales/GOM_LATN.mo": "c62586de31ec801f48449da854c99ffd3d12ec30111c163bfb2e84674be54b3a",
      "datetime@0.3.0/iana/locales/GU.mo": "d5c55d7568fe76c7ad20d95fb2a9f5ffc92e7ea2fae8186b2540aafc60c92438",
      "datetime@0.3.0/iana/locales/HE.mo": "4ff093ba7bb727056507ee695a3f945fd919c5990388d7954e0ef190befa2a0e",
      "datetime@0.3.0/iana/locales/HI.mo": "f4f1ef74ff7726452eecca530c64309b7aea3efd5991eba5dc7614cd781f91d1",
      "datetime@0.3.0/iana/locales/HR.mo": "216ab1ac0e258991bae3c431edf2710a914a2488394687bf08e913993f6e9341",
      "datetime@0.3.0/iana/locales/HU.mo": "83a6df3bcf2c722d9b9e5a84a1f2d08a404afe140e398b9d23650adc4eda3466",
      "datetime@0.3.0/iana/locales/ID.mo": "0cf065fb3c0d41831217dabc3c401057bf8fcf635b1bbe2c695e7b67fab1338f",
      "datetime@0.3.0/iana/locales/IS.mo": "b4d76300d2923a6ec40da426c326beeee852570fd46811edce03fb21cef360ef",
      "datetime@0.3.0/iana/locales/HY_AM.mo": "6bbb23f5cd996b84037db17b2a0199989db53b8cd0cfe7ec70fae9ee8a733ce2",
      "datetime@0.3.0/iana/locales/IT.mo": "fa12eb8745bddcdad54f0b5da9e0d43351e6dc281db66f4955e911cb740970e2",
      "datetime@0.3.0/iana/locales/IT_CH.mo": "5260d9481383465bbeb3d8339e1166b070b5e986b08472f50e51239b513347dd",
      "datetime@0.3.0/iana/locales/JA.mo": "f3c3c597587ef210daa2665bdf658b72c7cf9f011048d67979d47344ce853d29",
      "datetime@0.3.0/iana/locales/JV.mo": "0243579dda5bc24b215d52acb8dfb6a3460951a69f20eb7a37fee8abe9b19d73",
      "datetime@0.3.0/iana/locales/KA.mo": "50718e75e5fc314303bdd4b710ff879c2a53dd0b2760de3e3e789287a0e01adf",
      "datetime@0.3.0/iana/locales/KK.mo": "9ac8cb9dcd47589a5cc50ff09458978de23c85566a7d783264b2e9f0855d4788",
      "datetime@0.3.0/iana/locales/KM.mo": "a1622f49cdf9e67542f7a5e89819e1f7a57bbeb9b2d429cdb8825c9ec517198a",
      "datetime@0.3.0/iana/locales/KN.mo": "d8b15787955782af11749757bf8e4d40865164931b3b98b4d727b7d25b6b379a",
      "datetime@0.3.0/iana/locales/KO.mo": "8884cc986911f3dc6ff856b7fc4eaa947170e643374672f5cd712a3cba066313",
      "datetime@0.3.0/iana/locales/LB.mo": "1890151a31b1f8802acd0b7e809578536b4590506fa2ef9d5aaacc2173b9c936",
      "datetime@0.3.0/iana/locales/KU.mo": "738fdc97c245743dec686f23f9bd5b4369c87b20b159bf7660594b5b5f3c3195",
      "datetime@0.3.0/iana/locales/KY.mo": "1e1f1deabb804695a2c0da0497b1b380f0b30a965e98ce70e2157b52667a3c03",
      "datetime@0.3.0/iana/locales/LO.mo": "b235d99b538931518a4339af5426998c66d8e089cca054434c03eec2de7989b7",
      "datetime@0.3.0/iana/locales/LT.mo": "87f29c0322dfbada9b9f4a9d64363a500a6e947748051f1c4a442a7f0195aa71",
      "datetime@0.3.0/iana/locales/LV.mo": "13f51cdaa140d0888ed9471e49b0d558abbf2152887eb6e3186a426b720d2eec",
      "datetime@0.3.0/iana/locales/ME.mo": "5d9c0eabe2bf13f4a4926c6893a91e6a08ba528ef5c0d43c6bd4018174b531ae",
      "datetime@0.3.0/iana/locales/MK.mo": "abd508b60b84509cdda74d9ba625da563dfafd58843d30a7d53fc8629a791518",
      "datetime@0.3.0/iana/locales/ML.mo": "7aa6531cb0dd575891fa5e7cc5e0464915147ba5b2b88ebe247493f7a481f118",
      "datetime@0.3.0/iana/locales/MI.mo": "75e3f9ad43ba2a8ffb50b2116cbab4d889abb35eb2bb9f394cfcfc9f91532ecc",
      "datetime@0.3.0/iana/locales/MN.mo": "ca3cbfc05b7519d06967e2c8812924f135ed5f1b85ba48b90ea3b79f5eeafce5",
      "datetime@0.3.0/iana/locales/MR.mo": "377fe709e3f08831fa008a6d611f11385ee106150aa339948cb372a24c4657c9",
      "datetime@0.3.0/iana/locales/MS.mo": "aa90825882654da0829aa8aec77ddc748f8e28e19ff7228fd8d5d8e38949a05e",
      "datetime@0.3.0/iana/locales/MS_MY.mo": "92fe7030674d892d5cac1f4caff258e6649504e25aa56fcbc0e4127175cf5d3d",
      "datetime@0.3.0/iana/locales/MT.mo": "fa89b1aee7928cb55348ca2ec997ad119dd4a93b99d13be0d254f22fc605e275",
      "datetime@0.3.0/iana/locales/MY.mo": "da935b199ffa6b58db089ad00fdff9021613dbc42e8983ac978b548a5c4defba",
      "datetime@0.3.0/iana/locales/NB.mo": "7240f7001da4b3e41eed7099c17e082899021c88efbe7186554e773cff6e7c09",
      "datetime@0.3.0/iana/locales/NL_BE.mo": "a804f638154e53d442d6692dfed7c1111a52994a023ae642bb189e39b27f78fb",
      "datetime@0.3.0/iana/locales/NE.mo": "41ae5d661c3f18f4a2ef46515d71054d14ae8ff654a28bd794e9292eda99c31e",
      "datetime@0.3.0/iana/locales/NL.mo": "a1fd0da146ce77690f435e1c43f8e0f16df85f6a83ee8d986068120fb50f6d3d",
      "datetime@0.3.0/iana/locales/NN.mo": "1b426748adcdb19704979aeeed00ef987f86af372f37acaf790784d9fe18d2d4",
      "datetime@0.3.0/iana/locales/OC_LNC.mo": "c86216bc430539c1e53f8f64a9b3e5f15d8574cba38bf163f45fc5c12abfbfe4",
      "datetime@0.3.0/iana/locales/PA_IN.mo": "c519e6bbb45a4ff793153007a0b9a4b8202cd5ef8d9f9d8a895fbb94b689d0a8",
      "datetime@0.3.0/iana/locales/PT_BR.mo": "939d07611df328f9f85983c3d57fefd5725dbdb382316f135bc56f49507ef73e",
      "datetime@0.3.0/iana/locales/PL.mo": "c64b41e52d26f4c100642b532be1fa866e61df9c337bd80f6ce45434f6cbb083",
      "datetime@0.3.0/iana/locales/PT.mo": "241b58691b35a933ce141a0c887016706e59efda06d4571622474bc77edf0467",
      "datetime@0.3.0/iana/locales/RU.mo": "6c3ffa25051ba027d59d60b778d4bc7d33f4963daf2006c017733a5e43cc793a",
      "datetime@0.3.0/iana/locales/RO.mo": "134813fb03db1b192364703a57dd5a97c29147889f75ad1d3cdf480af721729c",
      "datetime@0.3.0/iana/locales/SD.mo": "747cad219d056d7167fb49dee92a59e8660651e7e7c04420ef3c9efd6c0a944b",
      "datetime@0.3.0/iana/locales/SE.mo": "48842e652ec366887b51f522d6ace953896cf91d4ce5e24a995d9d3348e122d7",
      "datetime@0.3.0/iana/locales/SI.mo": "e5350cc68d152229aef1928c2704bc0def8de783d4f0a2982bc12c83c71d32b5",
      "datetime@0.3.0/iana/locales/SL.mo": "5c479f2594e891aedfd3d3c14e5a448eba892c80b1331f988eff4b38c8739740",
      "datetime@0.3.0/iana/locales/SK.mo": "a603045b7e4a04ee6d6b84610e30a56db07b8fb84011b0082ec821959e0e7b0e",
      "datetime@0.3.0/iana/locales/SQ.mo": "122ce3e4f098e751bc641d000ef3c91d2d9a5190cb9e1fb591bcf1663e1b5fba",
      "datetime@0.3.0/iana/locales/SR.mo": "c30e3e8f159518d2957c8f1c5081a5bdc3034aad0e766f46025dfc36621fd829",
      "datetime@0.3.0/iana/locales/SR_CYRL.mo": "61f467e490985cf3da3966f642b13c156cf1677be642913609b42cb54c1f0d57",
      "datetime@0.3.0/iana/locales/SV.mo": "4b970741617136daff84431349ff76fae2214e6bd6d6f193135e3f95f9a2002f",
      "datetime@0.3.0/iana/locales/SS.mo": "bcd08f70fd9024a64facd627895d3cbc069cfd3d1622f78bc73f098eaafc4d97",
      "datetime@0.3.0/iana/locales/SW.mo": "7f3c027a45adc11f37fb5477ffef82eda708e85c8f708c0721e774c00261bed7",
      "datetime@0.3.0/iana/locales/TE.mo": "4634cbcdcc667a22cef88b787944d8ae851e6252f37edcfc6d6cb7ee1e6cb16e",
      "datetime@0.3.0/iana/locales/TH.mo": "c4c3ab501001bff0a67690c492732f2190c06275ddb8566220d7197078c1f99c",
      "datetime@0.3.0/iana/locales/TG.mo": "9e85c292be13d54b49129f5e3c51ffe7c62cb1c53a1105098a86f5b8df9d9d1b",
      "datetime@0.3.0/iana/locales/TA.mo": "24657b6d4b7c9bdb8741e0986bf6611a37bdc3c684a83c977807f1d45aed3f27",
      "datetime@0.3.0/iana/locales/TET.mo": "20371c4144ab7de1e1aed3f606aef2b26006349c0be388cf879a99b29fe0f037",
      "datetime@0.3.0/iana/locales/TK.mo": "ff73d6acb0248abf6edbeb9c25f1cddac74e8925123f4ab60d572038907ec98e",
      "datetime@0.3.0/iana/locales/TL_PH.mo": "6c0f8a665492d08523762b5f9cdcdd39d1f1562a0e98a5a143d91e99e2005d2f",
      "datetime@0.3.0/iana/locales/TLH.mo": "26169b3359470757439b6d5f2d4b0204e1665477514674cc49c9cc67adc51225",
      "datetime@0.3.0/iana/locales/TZL.mo": "9eb7c94ceede72eab720407c1a97682f64de4e8e27130932a8fafdb4d40f77fc",
      "datetime@0.3.0/iana/locales/TR.mo": "c15e53a6dbdc79be30cf206e99cf97bb598c9509b37ccb1b7c70cb61920dd238",
      "datetime@0.3.0/iana/locales/TZM.mo": "ccae38789b0e9efdcfb31984891666791acea6c9af106b72c661f99e7628a694",
      "datetime@0.3.0/iana/locales/UG_CN.mo": "41820ccbfc1c81d1a45cd6ca23ef0f73628270903beb58dfdaf4ee4b61de3dcd",
      "datetime@0.3.0/iana/locales/TZM_LATN.mo": "3b688b9790ad7acf21be84c97a77d41697c95054081c07018f435871e35d17d4",
      "datetime@0.3.0/iana/locales/UK.mo": "5c212878693d4c1928fbfbda4ac1c17c66e1ee7ea594241cf739969561937995",
      "datetime@0.3.0/iana/locales/UR.mo": "ab0720b7e53e02d3d5c53a1cffe425efc053f6600bdfee878755dabc0c0dab97",
      "datetime@0.3.0/iana/locales/UZ.mo": "d24ae4b2f2b03a58e5f4829f48dc17a126f55250bfd7ee9f22975386d6657607",
      "datetime@0.3.0/iana/locales/VI.mo": "c56a8db93bb929451f96d4248fed467775ba6c7a13f28d89567a96e516bd7822",
      "datetime@0.3.0/iana/locales/UZ_LATN.mo": "e220db8d3b4bfa03ee7b64ad365a3147875cc29dc370325676bef6143f72067d",
      "datetime@0.3.0/iana/locales/X_PSEUDO.mo": "da5f181c4e08ef802428213cdbfa62ff3bff50265edbd9d0f1c18a065a801daf",
      "datetime@0.3.0/iana/locales/YO.mo": "4d18ff8afda5b57006adabea291c460992ad881f556ec904ff524d9f4be3afcd",
      "datetime@0.3.0/iana/locales/ZH_CN.mo": "b4db46c4d77c6014af0f2ff0d72255c59e7ecc3736899fb89c9b5648757042d0",
      "datetime@0.3.0/iana/locales/ZH_HK.mo": "aa7339fc4160241cdcfb7d4726d13a0fa0a770cb6593cece1a9af91c759f2fec",
      "datetime@0.3.0/iana/locales/ZH_MO.mo": "7cd9c95ef1815ac72a49aceb96d3e08a48ab80fed533ad60f5bc804b1bb6e799",
      "datetime@0.3.0/iana/locales/ZH_TW.mo": "41730c013865adac3d378cc22ff3bf16a314b40ce941aae7fd4346f78b2c540c",
      "datetime@0.3.0/iana/timezones/Arctic.mo": "e42402127e3f8f3034c8c69823d7ed8a9708d09c7155cae08abae9af88c96871",
      "datetime@0.3.0/iana/timezones/Africa.mo": "53ca4f29f1a993dedcb7d3b5ee15bf1299b42d1065742e269d41a71b0a5a6ad1",
      "datetime@0.3.0/iana/timezones/Antarctica.mo": "314ed3b91ea39beb69cd15e54531db2431ce274ceff1a1d229868bf31ae9b1ce",
      "datetime@0.3.0/iana/timezones/America.mo": "dfa543a753ea52c4cff5d8bbc025aa06b49757e086fe66c428578bcf13a2a5ae",
      "datetime@0.3.0/iana/timezones/Asia.mo": "0e596e3b4a625153ef8982e505a11d2bdff1620fede1491d53dcb3aa5060d26a",
      "datetime@0.3.0/iana/timezones/Brazil.mo": "559ba65d83631e329efb3c1f75b23ba68d03f0b88b2f6e3fb445de3c0b90e65f",
      "datetime@0.3.0/iana/timezones/Atlantic.mo": "89694ec98f98334d15866689b84024292bf45464cc0bca9ca59466a25145e6e2",
      "datetime@0.3.0/iana/timezones/CET.mo": "1bdb64b59888e3b24abec093f6690d0325b6d185ed95aa3e09b6b413c12b0720",
      "datetime@0.3.0/iana/timezones/Australia.mo": "019ff62de0b6e2377637fc5e4da884020dba0b2110aed85cb89850f7c13c9b96",
      "datetime@0.3.0/iana/timezones/CST6CDT.mo": "70596c30017e76493c12d7dcce8c5b9bdc8eea9f84b089667bbb7a9887ba34d1",
      "datetime@0.3.0/iana/timezones/Chile.mo": "0bbfaaf5417460a0d8b870bcc3969cd1e964b25e9ce1fffab0c54e72d3f3328b",
      "datetime@0.3.0/iana/timezones/EST.mo": "9ab522aba558b31a34a9030069610ce6234029cc7a196723628363b1384de91d",
      "datetime@0.3.0/iana/timezones/Canada.mo": "3232bbf78b1f77a7d9138add1297f3a638baaed5e101115f8843a9d5f9481658",
      "datetime@0.3.0/iana/timezones/Cuba.mo": "695410852739fd179699e3e2530cf66191b7b4c2b54a644922eb56e185ad628a",
      "datetime@0.3.0/iana/timezones/EET.mo": "c5ee9265352540c83b7d4eda7a1e1f0f14ce635f161225d5d7c3b3d5828dbac3",
      "datetime@0.3.0/iana/timezones/EST5EDT.mo": "80d94bc804092076bf41ac2e3d848ff751b14f4435c5ecece66f96114a9c4e13",
      "datetime@0.3.0/iana/timezones/Egypt.mo": "560313a6f637566ebb5b67d885cf5c112acb1c636e993c6c2b0dbf7265b77f01",
      "datetime@0.3.0/iana/timezones/Etc.mo": "0d5dbae6eed3f4a14ebc3d414b59447c67955cb1444c71581a831451189b29c2",
      "datetime@0.3.0/iana/timezones/Eire.mo": "760cf12388efe550f67296efaf0fcb2b567a0966bbd7fd712ccd940ec89db525",
      "datetime@0.3.0/iana/timezones/GB.mo": "915cc65d94b36f520a105bfd353c0c4a2b51799b32772037f43b4d82106df1b5",
      "datetime@0.3.0/iana/timezones/GMT.mo": "21b6d758dcd1e11e552cd660c439c7e37fed73a2f87c3b5bcd487a37413e17f7",
      "datetime@0.3.0/iana/timezones/GB_Eire.mo": "e60288a6ea7d5dfe39dbd32dbca0dc31656a3dd5685a2bfe86616c0b428c8c51",
      "datetime@0.3.0/iana/timezones/Europe.mo": "4c133afd76d7fc43908c905dc8c1cab3f79d9ba265a4f3ee8469b375b09d5650",
      "datetime@0.3.0/iana/timezones/GMT0.mo": "a85c92cd7b5c98d4b5c92d839267b5ba03aa4d8e86c16130fe19a5b874c9c740",
      "datetime@0.3.0/iana/timezones/GMT_0.mo": "b479bc5b95fa138d05d8f886eafa697ab873125f0ba4fef08643fde0e1e4aa7d",
      "datetime@0.3.0/iana/timezones/GMT__0.mo": "91e26ac30e8157e24dde47d01086b8a90ae8034f64b2c425194681970144ce52",
      "datetime@0.3.0/iana/timezones/Greenwich.mo": "7cdde384649265970743a59804a7e629243027f2797c6018b3582d5d564450ef",
      "datetime@0.3.0/iana/timezones/HST.mo": "a1327c890a7d5cb768564f3a6f635c304a0d773a12437643c2bf610b68cae798",
      "datetime@0.3.0/iana/timezones/Hongkong.mo": "957d7037fc2a9eb3674870c065016d7b3b1b4f3415170989547b008c5e9038e0",
      "datetime@0.3.0/iana/timezones/Iceland.mo": "6b21a32f2db397d9ccd4ff93b6859e27c5c975d644e21b66f21fa565b50b861b",
      "datetime@0.3.0/iana/timezones/Indian.mo": "256ec75161b4b1f41c55462145fd5a328c3eb8d2555cfdb42058bac91c6f63a8",
      "datetime@0.3.0/iana/timezones/Iran.mo": "4550b943a3572846ce935f5d48a7e0dfd0649613498e720fbcd879503d6d9686",
      "datetime@0.3.0/iana/timezones/Israel.mo": "a6c4131bd2e864725665f884e0003f1f1830cf50c127c48660a307712a302745",
      "datetime@0.3.0/iana/timezones/Jamaica.mo": "492813395ee8addb7a4ba079d7a9d585ce8ffbbd919ada2c07eb55308bc55549",
      "datetime@0.3.0/iana/timezones/Japan.mo": "35a2de292688717299c030eb236cbc96751bafaff7e2a16a55f90021c6e07fbb",
      "datetime@0.3.0/iana/timezones/Kwajalein.mo": "39e93f89f57b31edced5bc830691ee53276511c65f83fe2d179355cea40eea0c",
      "datetime@0.3.0/iana/timezones/Libya.mo": "03af44211a03ccc9711ec1a1f3ef64f0f57fd5c3fe9f1bee3a08e6a1b7d20131",
      "datetime@0.3.0/iana/timezones/MET.mo": "1cca9f0c0bd63c2836cf954845311b9839caa800898dcbd94e91c6b99eca8fc0",
      "datetime@0.3.0/iana/timezones/MST7MDT.mo": "0e553b6edfa6d70def2688247d3395264f1a03fe3b9e3ffc03c1de80c3f7e994",
      "datetime@0.3.0/iana/timezones/MST.mo": "757737fcd9adf8491fe327d06776949b4298c0c573c50b5fe6b43313d4c4b1f5",
      "datetime@0.3.0/iana/timezones/Mexico.mo": "ddffafe61b7ad8d7a0c789e5ab92165c4674f2f298733a740e536b580bb1ff58",
      "datetime@0.3.0/iana/timezones/NZ.mo": "597762aee082c64186cb620dd686b1b3dae3be35b9af7bf4d6804b5cdb0879a6",
      "datetime@0.3.0/iana/timezones/NZ_CHAT.mo": "d19a5514b4751150aa037df1ba6fa5156f5ad24207482d2d81fee3a1eb47ac34",
      "datetime@0.3.0/iana/timezones/Navajo.mo": "81ed68003e34349804040d8ad754b678318da825bba7f4b5acf2de89d1f3698e",
      "datetime@0.3.0/iana/timezones/PRC.mo": "f11717a0ab66422ee409f91b1704154baf90a987f88daa52991259a23dac2060",
      "datetime@0.3.0/iana/timezones/PST8PDT.mo": "e1ba752a33b9c6d4e4ba8e0b8bcf4b9448178d9c1fc8b3a9ef86fbd5a00f6cb4",
      "datetime@0.3.0/iana/timezones/Poland.mo": "6ca4155aa204345fc2134453282873ae3c60af9fbc685704c5c4a07051492a43",
      "datetime@0.3.0/iana/timezones/ROC.mo": "b84e8ed464b2a2e9cee0c683e0a7f071a14db45e5d1ac168c0817aacddd1df3d",
      "datetime@0.3.0/iana/timezones/Pacific.mo": "a454e50e957ac6b4a123a61f3ca0c2ae658ec4e6bc42f3a417c5d7942a52f3dc",
      "datetime@0.3.0/iana/timezones/Portugal.mo": "049137dda711e9a545e91343be0f5bc8807e12f296837c9913c307774eea86f5",
      "datetime@0.3.0/iana/timezones/ROK.mo": "aae7830d3882c3c798dade05a9eb313806fed299a7f7629e46decebd6eef5390",
      "datetime@0.3.0/iana/timezones/Singapore.mo": "20c6c48dcedace893f231077f520f5d19cd0f2128c2ba96da5f4dfefa3af0a51",
      "datetime@0.3.0/iana/timezones/Turkey.mo": "02afad60e9f4fe7fbd2002fb848b17b355b49ddb0d33be7d8e26cd7fa7e78e9d",
      "datetime@0.3.0/iana/timezones/UCT.mo": "f98f8f81e5e6742c74aa1ef280f247688c6e4268984f3e4975897b65d82163db",
      "datetime@0.3.0/iana/timezones/UTC.mo": "befbe38c6cce5b21e22de7ec95a0ba29b87c3dceb4856b011cefa9f41997f376",
      "datetime@0.3.0/iana/timezones/Universal.mo": "39881224d11a8252cc8e379f5da2c85e578ec3cc73ff314a153400406b89a579",
      "datetime@0.3.0/iana/timezones/US.mo": "cd720c35e7f1f3da95daa45c0ab8861eb01f0423c04a2544f75a47abcc160964",
      "datetime@0.3.0/iana/timezones/WET.mo": "4894965d44a8d78101de7316174e7d2997c2e7523a3ba9636284bfd6489da8f0",
      "datetime@0.3.0/iana/timezones/W_SU.mo": "1496b552646e59e81135dbfe110e9c5a6eb0d52c888f496f50ecf9a8f2093bc3",
      "datetime@0.3.0/iana/timezones/Zulu.mo": "4b8f4c4d5228b4e6a54702700d871ffb8e284e3baca1069c344f4e9825b75f6f"
    },
    "xtended-text@0.3.0": {
      "xtended-text@0.3.0/README.md": "2f06fd819347a90e4ab77b34cf69c89abdfd08dec3a533a3c8eedc34b52f66d9",
      "xtended-text@0.3.0/mops.toml": "0ba77ef8e751b72e5525251f0af2c6696f1ca39baa9cc4fd02d1ea41809c3a1c",
      "xtended-text@0.3.0/src/CharX.mo": "72772be913552c0c52675517bf963405130d6c9631b0e0694637cf4683da17f6",
      "xtended-text@0.3.0/src/TextX.mo": "8415a8d4699019b87f49cd7c8c31ac499f77bde933306c7ae785a0a650dc8766",
      "xtended-text@0.3.0/LICENSE": "d29036f192ca54721796c4a5abda5980dd026c43b08cad2dac004d22f5bcde50"
    },
    "xtended-numbers@0.3.1": {
      "xtended-numbers@0.3.1/mops.toml": "4e9deb52b4cef8a768011966ecad1b7eea3daa14349946c118a1b5126e36b9d2",
      "xtended-numbers@0.3.1/LICENSE": "7caf02fc1ac48db886244237e0fa148cea6c360daabcbccd3e6d26da422bb06b",
      "xtended-numbers@0.3.1/src/FloatX.mo": "a2fd81ca4ce3fa47e871ba4d166c0ec4c90ee117663e9f1e28d1cc26ca4652f2",
      "xtended-numbers@0.3.1/src/Util.mo": "e634a191e215bb09593e0bea5df104fa76e8c9f5cd9e3ca28303d7518ab74c00",
      "xtended-numbers@0.3.1/README.md": "df334a5b7f8774bffe09495de9bacb4616d20ad431d50dd7f04fb3e923044cef",
      "xtended-numbers@0.3.1/src/IntX.mo": "a82947577982a37841ede78c7a4e27568c11bffeb86bb76d03d27eb9ef99a0b3",
      "xtended-numbers@0.3.1/src/NatX.mo": "735ec54844fe8cd6640c4fb0909e8312608db18c192fe278ee9faeb0187217cc"
    },
    "principal-ext@0.1.0": {
      "principal-ext@0.1.0/mops.toml": "d2722acc434d2feaaedf3f5c5eeb4e8854024ad81c3456f03bbb3cb70823c2c7",
      "principal-ext@0.1.0/LICENSE": "6196a6d89602da7057b74b05527d6427ec4674960c5eeebea6f5c884d56bdd3e",
      "principal-ext@0.1.0/src/lib.mo": "8105de12a81ce5c326d2f2ba8a768371d1079df85d69482c87b8329bb70838c7",
      "principal-ext@0.1.0/README.md": "b0a6251f9b36177257a53d99721a2d69f259492f7374fa9dc3640829c7c0dfa6",
      "principal-ext@0.1.0/src/Base32.mo": "62477a9eac7fef077da963d7aad2bc3fc786f5c3da0a8d4990c37297e425a0a6",
      "principal-ext@0.1.0/src/Crc32.mo": "d6968b951e2031bb2a0e4766b4fe64d9c65d04ad549c6a525042d250e25d07b9"
    },
    "test@2.0.0": {
      "test@2.0.0/src/lib.mo": "298edb69885954debeeaa87a78943a1e1e3de7f61afa53f3eaf287868a292905",
      "test@2.0.0/README.md": "26bdbb0f756b89c20f5d1f4f6ad3840fe961df19e3e3d5da4c0875dacaae0643",
      "test@2.0.0/mops.toml": "bd7e9f2952c1516e8667579bbd454e66efc73733773fb287db57549efe27b838",
      "test@2.0.0/src/expect/async.mo": "7566e53fd175e733c2c3d08cd7199cd4d52343e9114a8360cfda45333f1ae1fd",
      "test@2.0.0/LICENSE": "9323eded2cdf2129732f5b7cd812f350eba0cf68451bb2e1726eaa749b9b1885",
      "test@2.0.0/src/async.mo": "87d9614a462529067e645df4c2982cc80f5ac479a1b1009e52ee3f72659daef3",
      "test@2.0.0/src/expect/expect-array.mo": "ad63f246e3af89810a21ddfd4239750d27326ffd2b64cfc62513532b39453142",
      "test@2.0.0/src/expect/expect-blob.mo": "8d638bad7aaa0d47428d998d2ee1fa0b9170745f46a43d803fd960aa5a8834ab",
      "test@2.0.0/src/expect/expect-bool.mo": "aac09fb62e3e51184233f909ff12275a7a9996d5cb0354b23b644d5ba20b99e0",
      "test@2.0.0/src/expect/expect-int.mo": "b7d775b6b22007978b6e40e37e66f648a356a3dc8b603e3a1db98a3884647c8f",
      "test@2.0.0/src/expect/expect-call.mo": "b7bddceb1a4c42a458c5349a4cd1709985c8072268abeadcfba6c3680693f330",
      "test@2.0.0/src/expect/expect-int64.mo": "6dc9351d9ce534b16816f51d4e9ddfd0940dbaa1d76fe4e4625260805efdf38a",
      "test@2.0.0/src/expect/expect-char.mo": "2d572db5b2b59a3d81bdbcf0e9bb2d0fa6779aaae18c7dcf8f4efbf2fde1d5b1",
      "test@2.0.0/src/expect/expect-int16.mo": "41bbbcf2feb6771d1a5cb511dc6036f1e00b4408b4b524d420a13120aea20401",
      "test@2.0.0/src/expect/expect-int32.mo": "bef183e0ce272082d619872a60c75a30567b26db2afd1ca4e56cf6534ef4479f",
      "test@2.0.0/src/expect/expect-int8.mo": "eefce98e69be550fc7edda76d5e3b661fa66e73f88414ec5d7bc66d84fbfe977",
      "test@2.0.0/src/expect/expect-nat16.mo": "3dbf17e08fecd34cab13ebfee97a886173480fdd7a9e1c0ab17bbb2cac67354c",
      "test@2.0.0/src/expect/expect-nat.mo": "224f85e3e96eb84d4d7f9828e220816d4792fb1910931b00ecd0699710224a02",
      "test@2.0.0/src/expect/expect-nat8.mo": "dab31f87a724c88216aa3d2d6b061510cfc56437a906069f3cde707015d73bf1",
      "test@2.0.0/src/expect/expect-nat32.mo": "81c025c8d32590c14f6aa454653971cdd75033faa9365a804a91cd13623745ae",
      "test@2.0.0/src/expect/expect-nat64.mo": "9889cabe96ede8b76d61b9a2e625872043d334d4d5d807b389cbdf2d9373d39a",
      "test@2.0.0/src/expect/expect-option.mo": "b87749f2aea8603ff42b5c2c77c1358c36953f657bfedaee080f2141535480e6",
      "test@2.0.0/src/expect/expect-principal.mo": "50dd68a73aaa63937a300f6a89977790f4bba102503dc76847b3be91a18a72ca",
      "test@2.0.0/src/expect/expect-result.mo": "e88ffb67d5fe0b969e3de4dbdb0129a6441d5431ab76d6493557ef7b724112ef",
      "test@2.0.0/src/expect/expect-text.mo": "b9ec4564c0c0c2254584956107b8ce01e20ed9bdd5ff7c56b7cabaffd1057e9c",
      "test@2.0.0/src/expect/lib.mo": "ff41b60bfa354df4502ba29d1ed8b7a692c54ec97316bf56f8c4fa755966c442",
      "test@2.0.0/src/expect/utils.mo": "d7e3b792b4ab12455f6ba285f747de1c53d73649105633c5477985a2064894b5"
    },
    "bench@1.0.0": {
      "bench@1.0.0/README.md": "6518eca24000e53b8a662c896361fa003cbc9a3f7d98aaf76fd77679a288a224",
      "bench@1.0.0/LICENSE": "3d081f9b4a5e05c2e02a370bbfac792c81125b4efe1404f79a39359e2b923c63",
      "bench@1.0.0/mops.toml": "f423260f1716f4329713dfbf66343867e749e28646d29a065fac9ecd34e0ba04",
      "bench@1.0.0/src/lib.mo": "1dc6d4709abe393eb7a8496da873028deab9cac11e6c1464ffbde2f2d5151c5b"
    }
  }
}