{
	"name": "mops",
	"lockfileVersion": 2,
	"requires": true,
	"packages": {
		"": {
			"dependencies": {
				"@dfinity/principal": "^0.11.1"
			}
		},
		"node_modules/@dfinity/principal": {
			"version": "0.11.1",
			"resolved": "https://registry.npmjs.org/@dfinity/principal/-/principal-0.11.1.tgz",
			"integrity": "sha512-TlYkwq0fLwmY24X/vrw8mXNRYTkelkM0R5wGjhgK7au24zn7lcXYW3HG+se8YYWFICYY4prI1cS8/6N9z14qjg=="
		}
	},
	"dependencies": {
		"@dfinity/principal": {
			"version": "0.11.1",
			"resolved": "https://registry.npmjs.org/@dfinity/principal/-/principal-0.11.1.tgz",
			"integrity": "sha512-TlYkwq0fLwmY24X/vrw8mXNRYTkelkM0R5wGjhgK7au24zn7lcXYW3HG+se8YYWFICYY4prI1cS8/6N9z14qjg=="
		}
	}
}
